// !$*UTF8*$!
{
	archiveVersion = 1;
	classes = {
	};
	objectVersion = 55;
	objects = {

/* Begin PBXBuildFile section */
		65DCF8F3D8314A290054E86B /* Pods_ToDoListTests.framework in Frameworks */ = {isa = PBXBuildFile; fileRef = 9C97A120D1645A775FB36385 /* Pods_ToDoListTests.framework */; };
		8E0E44692894A7E6007B0F5E /* AppDelegate.swift in Sources */ = {isa = PBXBuildFile; fileRef = 8E0E44682894A7E6007B0F5E /* AppDelegate.swift */; };
		8E0E44722894A7E7007B0F5E /* Assets.xcassets in Resources */ = {isa = PBXBuildFile; fileRef = 8E0E44712894A7E7007B0F5E /* Assets.xcassets */; };
		8E0E44752894A7E7007B0F5E /* LaunchScreen.storyboard in Resources */ = {isa = PBXBuildFile; fileRef = 8E0E44732894A7E7007B0F5E /* LaunchScreen.storyboard */; };
		8E0E448A2894A7E7007B0F5E /* ToDoListUITests.swift in Sources */ = {isa = PBXBuildFile; fileRef = 8E0E44892894A7E7007B0F5E /* ToDoListUITests.swift */; };
		8E0E448C2894A7E7007B0F5E /* ToDoListUITestsLaunchTests.swift in Sources */ = {isa = PBXBuildFile; fileRef = 8E0E448B2894A7E7007B0F5E /* ToDoListUITestsLaunchTests.swift */; };
		8E398F2B289EF7450026ADC4 /* TaskListCreateNewTaskCell.swift in Sources */ = {isa = PBXBuildFile; fileRef = 8E398F2A289EF7450026ADC4 /* TaskListCreateNewTaskCell.swift */; };
		8E398F2D289F07BD0026ADC4 /* TaskListModuleTaskCellConfigurable.swift in Sources */ = {isa = PBXBuildFile; fileRef = 8E398F2C289F07BD0026ADC4 /* TaskListModuleTaskCellConfigurable.swift */; };
		8E398F30289F08510026ADC4 /* TaskListTableViewCellData.swift in Sources */ = {isa = PBXBuildFile; fileRef = 8E398F2F289F08510026ADC4 /* TaskListTableViewCellData.swift */; };
		8E398F32289F0BB40026ADC4 /* TaskCellViewState.swift in Sources */ = {isa = PBXBuildFile; fileRef = 8E398F31289F0BB40026ADC4 /* TaskCellViewState.swift */; };
		8E881DFC28A0495100446A96 /* AnimationController.swift in Sources */ = {isa = PBXBuildFile; fileRef = 8E881DFB28A0495100446A96 /* AnimationController.swift */; };
		8ECEFA1F2896D8060098896B /* EditTaskModuleBuilder.swift in Sources */ = {isa = PBXBuildFile; fileRef = 8ECEFA1E2896D8060098896B /* EditTaskModuleBuilder.swift */; };
		8ECEFA222896F4C20098896B /* DateExtension.swift in Sources */ = {isa = PBXBuildFile; fileRef = 8ECEFA212896F4C20098896B /* DateExtension.swift */; };
		8ECEFA242896FF5B0098896B /* UIBarButtonItemExtension.swift in Sources */ = {isa = PBXBuildFile; fileRef = 8ECEFA232896FF5B0098896B /* UIBarButtonItemExtension.swift */; };
		8EE74A87289DA74F0053BF61 /* TaskListModuleViewController.swift in Sources */ = {isa = PBXBuildFile; fileRef = 8EE74A86289DA74F0053BF61 /* TaskListModuleViewController.swift */; };
		8EE74A89289DA7660053BF61 /* TaskListModulePresenter.swift in Sources */ = {isa = PBXBuildFile; fileRef = 8EE74A88289DA7660053BF61 /* TaskListModulePresenter.swift */; };
		8EE74D5C289DAA7E0053BF61 /* TaskListModuleBuilder.swift in Sources */ = {isa = PBXBuildFile; fileRef = 8EE74D5B289DAA7E0053BF61 /* TaskListModuleBuilder.swift */; };
		8EE74D5E289DAE800053BF61 /* TaskListModuleTaskCell.swift in Sources */ = {isa = PBXBuildFile; fileRef = 8EE74D5D289DAE800053BF61 /* TaskListModuleTaskCell.swift */; };
		8EE74D60289DB53E0053BF61 /* TaskListModuleHeaderView.swift in Sources */ = {isa = PBXBuildFile; fileRef = 8EE74D5F289DB53E0053BF61 /* TaskListModuleHeaderView.swift */; };
		8EE74D62289DD35F0053BF61 /* AppCoordinator.swift in Sources */ = {isa = PBXBuildFile; fileRef = 8EE74D61289DD35F0053BF61 /* AppCoordinator.swift */; };
		8EE74D64289DD55F0053BF61 /* CustomNavigationController.swift in Sources */ = {isa = PBXBuildFile; fileRef = 8EE74D63289DD55F0053BF61 /* CustomNavigationController.swift */; };
		8EE74D68289DE84E0053BF61 /* CellContentStackView.swift in Sources */ = {isa = PBXBuildFile; fileRef = 8EE74D67289DE84E0053BF61 /* CellContentStackView.swift */; };
		8EE74D6A289DE8600053BF61 /* CellContentTitleStackView.swift in Sources */ = {isa = PBXBuildFile; fileRef = 8EE74D69289DE8600053BF61 /* CellContentTitleStackView.swift */; };
		8EE74D6C289DE8690053BF61 /* CellContentSubtitleStackView.swift in Sources */ = {isa = PBXBuildFile; fileRef = 8EE74D6B289DE8690053BF61 /* CellContentSubtitleStackView.swift */; };
		8EEB7C242894C095005D5FF1 /* TodoItemTests.swift in Sources */ = {isa = PBXBuildFile; fileRef = 8EEB7C232894C095005D5FF1 /* TodoItemTests.swift */; };
		8EEB7EF72894C855005D5FF1 /* TodoItemParsingTests.swift in Sources */ = {isa = PBXBuildFile; fileRef = 8EEB7EF62894C855005D5FF1 /* TodoItemParsingTests.swift */; };
		8EEB7EFF289565EE005D5FF1 /* FileCacheTest.swift in Sources */ = {isa = PBXBuildFile; fileRef = 8EEB7EFE289565EE005D5FF1 /* FileCacheTest.swift */; };
		8EEB81D528957D31005D5FF1 /* EditTaskModuleViewController.swift in Sources */ = {isa = PBXBuildFile; fileRef = 8EEB81D428957D31005D5FF1 /* EditTaskModuleViewController.swift */; };
		8EEB81D728957D3C005D5FF1 /* EditTaskModulePresenter.swift in Sources */ = {isa = PBXBuildFile; fileRef = 8EEB81D628957D3C005D5FF1 /* EditTaskModulePresenter.swift */; };
		8EEB84B22895C3ED005D5FF1 /* ColorPalette.swift in Sources */ = {isa = PBXBuildFile; fileRef = 8EEB84B12895C3ED005D5FF1 /* ColorPalette.swift */; };
		8EEB84B42895CC2C005D5FF1 /* FontPalette.swift in Sources */ = {isa = PBXBuildFile; fileRef = 8EEB84B32895CC2C005D5FF1 /* FontPalette.swift */; };
		8EEB84B62895D179005D5FF1 /* PriorityStackViewContainer.swift in Sources */ = {isa = PBXBuildFile; fileRef = 8EEB84B52895D179005D5FF1 /* PriorityStackViewContainer.swift */; };
		8EEB84B8289669AF005D5FF1 /* DeadlineStackViewContainer.swift in Sources */ = {isa = PBXBuildFile; fileRef = 8EEB84B7289669AF005D5FF1 /* DeadlineStackViewContainer.swift */; };
		E537372C1DA419527F9C5961 /* Pods_ToDoListUITests.framework in Frameworks */ = {isa = PBXBuildFile; fileRef = 981B1A9C3FDB0E8D181E98E7 /* Pods_ToDoListUITests.framework */; };
		FAEED7844242D9B9CBA8655C /* Pods_ToDoList.framework in Frameworks */ = {isa = PBXBuildFile; fileRef = E644ED93F603BD95AA54D279 /* Pods_ToDoList.framework */; };
/* End PBXBuildFile section */

/* Begin PBXContainerItemProxy section */
		8E0E447C2894A7E7007B0F5E /* PBXContainerItemProxy */ = {
			isa = PBXContainerItemProxy;
			containerPortal = 8E0E445D2894A7E6007B0F5E /* Project object */;
			proxyType = 1;
			remoteGlobalIDString = 8E0E44642894A7E6007B0F5E;
			remoteInfo = ToDoList;
		};
		8E0E44862894A7E7007B0F5E /* PBXContainerItemProxy */ = {
			isa = PBXContainerItemProxy;
			containerPortal = 8E0E445D2894A7E6007B0F5E /* Project object */;
			proxyType = 1;
			remoteGlobalIDString = 8E0E44642894A7E6007B0F5E;
			remoteInfo = ToDoList;
		};
/* End PBXContainerItemProxy section */

/* Begin PBXFileReference section */
		02F9E972B00C9E1845FAC6D2 /* Pods-ToDoListTests.release.xcconfig */ = {isa = PBXFileReference; includeInIndex = 1; lastKnownFileType = text.xcconfig; name = "Pods-ToDoListTests.release.xcconfig"; path = "Target Support Files/Pods-ToDoListTests/Pods-ToDoListTests.release.xcconfig"; sourceTree = "<group>"; };
		2D4B34371626781468377588 /* Pods-ToDoListTests.debug.xcconfig */ = {isa = PBXFileReference; includeInIndex = 1; lastKnownFileType = text.xcconfig; name = "Pods-ToDoListTests.debug.xcconfig"; path = "Target Support Files/Pods-ToDoListTests/Pods-ToDoListTests.debug.xcconfig"; sourceTree = "<group>"; };
		3836B070106A976341D24CF5 /* Pods-ToDoListUITests.release.xcconfig */ = {isa = PBXFileReference; includeInIndex = 1; lastKnownFileType = text.xcconfig; name = "Pods-ToDoListUITests.release.xcconfig"; path = "Target Support Files/Pods-ToDoListUITests/Pods-ToDoListUITests.release.xcconfig"; sourceTree = "<group>"; };
		6700B57488901ED580F269DD /* Pods-ToDoListUITests.debug.xcconfig */ = {isa = PBXFileReference; includeInIndex = 1; lastKnownFileType = text.xcconfig; name = "Pods-ToDoListUITests.debug.xcconfig"; path = "Target Support Files/Pods-ToDoListUITests/Pods-ToDoListUITests.debug.xcconfig"; sourceTree = "<group>"; };
		84503AA4D9BCE60F59AC9268 /* Pods-ToDoList.release.xcconfig */ = {isa = PBXFileReference; includeInIndex = 1; lastKnownFileType = text.xcconfig; name = "Pods-ToDoList.release.xcconfig"; path = "Target Support Files/Pods-ToDoList/Pods-ToDoList.release.xcconfig"; sourceTree = "<group>"; };
		8E0E44652894A7E6007B0F5E /* ToDoList.app */ = {isa = PBXFileReference; explicitFileType = wrapper.application; includeInIndex = 0; path = ToDoList.app; sourceTree = BUILT_PRODUCTS_DIR; };
		8E0E44682894A7E6007B0F5E /* AppDelegate.swift */ = {isa = PBXFileReference; lastKnownFileType = sourcecode.swift; path = AppDelegate.swift; sourceTree = "<group>"; };
		8E0E44712894A7E7007B0F5E /* Assets.xcassets */ = {isa = PBXFileReference; lastKnownFileType = folder.assetcatalog; path = Assets.xcassets; sourceTree = "<group>"; };
		8E0E44742894A7E7007B0F5E /* Base */ = {isa = PBXFileReference; lastKnownFileType = file.storyboard; name = Base; path = Base.lproj/LaunchScreen.storyboard; sourceTree = "<group>"; };
		8E0E44762894A7E7007B0F5E /* Info.plist */ = {isa = PBXFileReference; lastKnownFileType = text.plist.xml; path = Info.plist; sourceTree = "<group>"; };
		8E0E447B2894A7E7007B0F5E /* ToDoListTests.xctest */ = {isa = PBXFileReference; explicitFileType = wrapper.cfbundle; includeInIndex = 0; path = ToDoListTests.xctest; sourceTree = BUILT_PRODUCTS_DIR; };
		8E0E44852894A7E7007B0F5E /* ToDoListUITests.xctest */ = {isa = PBXFileReference; explicitFileType = wrapper.cfbundle; includeInIndex = 0; path = ToDoListUITests.xctest; sourceTree = BUILT_PRODUCTS_DIR; };
		8E0E44892894A7E7007B0F5E /* ToDoListUITests.swift */ = {isa = PBXFileReference; lastKnownFileType = sourcecode.swift; path = ToDoListUITests.swift; sourceTree = "<group>"; };
		8E0E448B2894A7E7007B0F5E /* ToDoListUITestsLaunchTests.swift */ = {isa = PBXFileReference; lastKnownFileType = sourcecode.swift; path = ToDoListUITestsLaunchTests.swift; sourceTree = "<group>"; };
		8E398F2A289EF7450026ADC4 /* TaskListCreateNewTaskCell.swift */ = {isa = PBXFileReference; lastKnownFileType = sourcecode.swift; path = TaskListCreateNewTaskCell.swift; sourceTree = "<group>"; };
		8E398F2C289F07BD0026ADC4 /* TaskListModuleTaskCellConfigurable.swift */ = {isa = PBXFileReference; lastKnownFileType = sourcecode.swift; path = TaskListModuleTaskCellConfigurable.swift; sourceTree = "<group>"; };
		8E398F2F289F08510026ADC4 /* TaskListTableViewCellData.swift */ = {isa = PBXFileReference; lastKnownFileType = sourcecode.swift; path = TaskListTableViewCellData.swift; sourceTree = "<group>"; };
		8E398F31289F0BB40026ADC4 /* TaskCellViewState.swift */ = {isa = PBXFileReference; lastKnownFileType = sourcecode.swift; path = TaskCellViewState.swift; sourceTree = "<group>"; };
		8E881DFB28A0495100446A96 /* AnimationController.swift */ = {isa = PBXFileReference; lastKnownFileType = sourcecode.swift; path = AnimationController.swift; sourceTree = "<group>"; };
		8ECEFA1E2896D8060098896B /* EditTaskModuleBuilder.swift */ = {isa = PBXFileReference; lastKnownFileType = sourcecode.swift; path = EditTaskModuleBuilder.swift; sourceTree = "<group>"; };
		8ECEFA212896F4C20098896B /* DateExtension.swift */ = {isa = PBXFileReference; lastKnownFileType = sourcecode.swift; path = DateExtension.swift; sourceTree = "<group>"; };
		8ECEFA232896FF5B0098896B /* UIBarButtonItemExtension.swift */ = {isa = PBXFileReference; lastKnownFileType = sourcecode.swift; path = UIBarButtonItemExtension.swift; sourceTree = "<group>"; };
		8EE74A86289DA74F0053BF61 /* TaskListModuleViewController.swift */ = {isa = PBXFileReference; lastKnownFileType = sourcecode.swift; path = TaskListModuleViewController.swift; sourceTree = "<group>"; };
		8EE74A88289DA7660053BF61 /* TaskListModulePresenter.swift */ = {isa = PBXFileReference; lastKnownFileType = sourcecode.swift; path = TaskListModulePresenter.swift; sourceTree = "<group>"; };
		8EE74D5B289DAA7E0053BF61 /* TaskListModuleBuilder.swift */ = {isa = PBXFileReference; lastKnownFileType = sourcecode.swift; path = TaskListModuleBuilder.swift; sourceTree = "<group>"; };
		8EE74D5D289DAE800053BF61 /* TaskListModuleTaskCell.swift */ = {isa = PBXFileReference; lastKnownFileType = sourcecode.swift; path = TaskListModuleTaskCell.swift; sourceTree = "<group>"; };
		8EE74D5F289DB53E0053BF61 /* TaskListModuleHeaderView.swift */ = {isa = PBXFileReference; lastKnownFileType = sourcecode.swift; path = TaskListModuleHeaderView.swift; sourceTree = "<group>"; };
		8EE74D61289DD35F0053BF61 /* AppCoordinator.swift */ = {isa = PBXFileReference; lastKnownFileType = sourcecode.swift; path = AppCoordinator.swift; sourceTree = "<group>"; };
		8EE74D63289DD55F0053BF61 /* CustomNavigationController.swift */ = {isa = PBXFileReference; lastKnownFileType = sourcecode.swift; path = CustomNavigationController.swift; sourceTree = "<group>"; };
		8EE74D67289DE84E0053BF61 /* CellContentStackView.swift */ = {isa = PBXFileReference; lastKnownFileType = sourcecode.swift; path = CellContentStackView.swift; sourceTree = "<group>"; };
		8EE74D69289DE8600053BF61 /* CellContentTitleStackView.swift */ = {isa = PBXFileReference; lastKnownFileType = sourcecode.swift; path = CellContentTitleStackView.swift; sourceTree = "<group>"; };
		8EE74D6B289DE8690053BF61 /* CellContentSubtitleStackView.swift */ = {isa = PBXFileReference; lastKnownFileType = sourcecode.swift; path = CellContentSubtitleStackView.swift; sourceTree = "<group>"; };
		8EEB7C232894C095005D5FF1 /* TodoItemTests.swift */ = {isa = PBXFileReference; lastKnownFileType = sourcecode.swift; path = TodoItemTests.swift; sourceTree = "<group>"; };
		8EEB7EF62894C855005D5FF1 /* TodoItemParsingTests.swift */ = {isa = PBXFileReference; lastKnownFileType = sourcecode.swift; path = TodoItemParsingTests.swift; sourceTree = "<group>"; };
		8EEB7EFE289565EE005D5FF1 /* FileCacheTest.swift */ = {isa = PBXFileReference; lastKnownFileType = sourcecode.swift; path = FileCacheTest.swift; sourceTree = "<group>"; };
		8EEB81D428957D31005D5FF1 /* EditTaskModuleViewController.swift */ = {isa = PBXFileReference; lastKnownFileType = sourcecode.swift; path = EditTaskModuleViewController.swift; sourceTree = "<group>"; };
		8EEB81D628957D3C005D5FF1 /* EditTaskModulePresenter.swift */ = {isa = PBXFileReference; lastKnownFileType = sourcecode.swift; path = EditTaskModulePresenter.swift; sourceTree = "<group>"; };
		8EEB84B12895C3ED005D5FF1 /* ColorPalette.swift */ = {isa = PBXFileReference; lastKnownFileType = sourcecode.swift; path = ColorPalette.swift; sourceTree = "<group>"; };
		8EEB84B32895CC2C005D5FF1 /* FontPalette.swift */ = {isa = PBXFileReference; lastKnownFileType = sourcecode.swift; path = FontPalette.swift; sourceTree = "<group>"; };
		8EEB84B52895D179005D5FF1 /* PriorityStackViewContainer.swift */ = {isa = PBXFileReference; lastKnownFileType = sourcecode.swift; path = PriorityStackViewContainer.swift; sourceTree = "<group>"; };
		8EEB84B7289669AF005D5FF1 /* DeadlineStackViewContainer.swift */ = {isa = PBXFileReference; lastKnownFileType = sourcecode.swift; path = DeadlineStackViewContainer.swift; sourceTree = "<group>"; };
		981B1A9C3FDB0E8D181E98E7 /* Pods_ToDoListUITests.framework */ = {isa = PBXFileReference; explicitFileType = wrapper.framework; includeInIndex = 0; path = Pods_ToDoListUITests.framework; sourceTree = BUILT_PRODUCTS_DIR; };
		9C97A120D1645A775FB36385 /* Pods_ToDoListTests.framework */ = {isa = PBXFileReference; explicitFileType = wrapper.framework; includeInIndex = 0; path = Pods_ToDoListTests.framework; sourceTree = BUILT_PRODUCTS_DIR; };
		A288E7497156AA544CD161D3 /* Pods-ToDoList-ToDoListUITests.release.xcconfig */ = {isa = PBXFileReference; includeInIndex = 1; lastKnownFileType = text.xcconfig; name = "Pods-ToDoList-ToDoListUITests.release.xcconfig"; path = "Target Support Files/Pods-ToDoList-ToDoListUITests/Pods-ToDoList-ToDoListUITests.release.xcconfig"; sourceTree = "<group>"; };
		E644ED93F603BD95AA54D279 /* Pods_ToDoList.framework */ = {isa = PBXFileReference; explicitFileType = wrapper.framework; includeInIndex = 0; path = Pods_ToDoList.framework; sourceTree = BUILT_PRODUCTS_DIR; };
		F1E1947FE7C7BC04B9F830D5 /* Pods-ToDoList.debug.xcconfig */ = {isa = PBXFileReference; includeInIndex = 1; lastKnownFileType = text.xcconfig; name = "Pods-ToDoList.debug.xcconfig"; path = "Target Support Files/Pods-ToDoList/Pods-ToDoList.debug.xcconfig"; sourceTree = "<group>"; };
		FF40D6AAF4986B009C27495B /* Pods-ToDoList-ToDoListUITests.debug.xcconfig */ = {isa = PBXFileReference; includeInIndex = 1; lastKnownFileType = text.xcconfig; name = "Pods-ToDoList-ToDoListUITests.debug.xcconfig"; path = "Target Support Files/Pods-ToDoList-ToDoListUITests/Pods-ToDoList-ToDoListUITests.debug.xcconfig"; sourceTree = "<group>"; };
/* End PBXFileReference section */

/* Begin PBXFrameworksBuildPhase section */
		8E0E44622894A7E6007B0F5E /* Frameworks */ = {
			isa = PBXFrameworksBuildPhase;
			buildActionMask = 2147483647;
			files = (
				FAEED7844242D9B9CBA8655C /* Pods_ToDoList.framework in Frameworks */,
			);
			runOnlyForDeploymentPostprocessing = 0;
		};
		8E0E44782894A7E7007B0F5E /* Frameworks */ = {
			isa = PBXFrameworksBuildPhase;
			buildActionMask = 2147483647;
			files = (
				65DCF8F3D8314A290054E86B /* Pods_ToDoListTests.framework in Frameworks */,
			);
			runOnlyForDeploymentPostprocessing = 0;
		};
		8E0E44822894A7E7007B0F5E /* Frameworks */ = {
			isa = PBXFrameworksBuildPhase;
			buildActionMask = 2147483647;
			files = (
				E537372C1DA419527F9C5961 /* Pods_ToDoListUITests.framework in Frameworks */,
			);
			runOnlyForDeploymentPostprocessing = 0;
		};
/* End PBXFrameworksBuildPhase section */

/* Begin PBXGroup section */
		26B9BAEEABE6DE9EDAFF04AD /* Frameworks */ = {
			isa = PBXGroup;
			children = (
				E644ED93F603BD95AA54D279 /* Pods_ToDoList.framework */,
				9C97A120D1645A775FB36385 /* Pods_ToDoListTests.framework */,
				981B1A9C3FDB0E8D181E98E7 /* Pods_ToDoListUITests.framework */,
			);
			name = Frameworks;
			sourceTree = "<group>";
		};
		45AAF3FD4AA7537DFD77FD0C /* Pods */ = {
			isa = PBXGroup;
			children = (
				F1E1947FE7C7BC04B9F830D5 /* Pods-ToDoList.debug.xcconfig */,
				84503AA4D9BCE60F59AC9268 /* Pods-ToDoList.release.xcconfig */,
				FF40D6AAF4986B009C27495B /* Pods-ToDoList-ToDoListUITests.debug.xcconfig */,
				A288E7497156AA544CD161D3 /* Pods-ToDoList-ToDoListUITests.release.xcconfig */,
				2D4B34371626781468377588 /* Pods-ToDoListTests.debug.xcconfig */,
				02F9E972B00C9E1845FAC6D2 /* Pods-ToDoListTests.release.xcconfig */,
				6700B57488901ED580F269DD /* Pods-ToDoListUITests.debug.xcconfig */,
				3836B070106A976341D24CF5 /* Pods-ToDoListUITests.release.xcconfig */,
			);
			path = Pods;
			sourceTree = "<group>";
		};
		8E0E445C2894A7E6007B0F5E = {
			isa = PBXGroup;
			children = (
				8E0E44672894A7E6007B0F5E /* ToDoList */,
				8E0E447E2894A7E7007B0F5E /* ToDoListTests */,
				8E0E44882894A7E7007B0F5E /* ToDoListUITests */,
				8E0E44662894A7E6007B0F5E /* Products */,
				45AAF3FD4AA7537DFD77FD0C /* Pods */,
				26B9BAEEABE6DE9EDAFF04AD /* Frameworks */,
			);
			sourceTree = "<group>";
		};
		8E0E44662894A7E6007B0F5E /* Products */ = {
			isa = PBXGroup;
			children = (
				8E0E44652894A7E6007B0F5E /* ToDoList.app */,
				8E0E447B2894A7E7007B0F5E /* ToDoListTests.xctest */,
				8E0E44852894A7E7007B0F5E /* ToDoListUITests.xctest */,
			);
			name = Products;
			sourceTree = "<group>";
		};
		8E0E44672894A7E6007B0F5E /* ToDoList */ = {
			isa = PBXGroup;
			children = (
				8E0E44682894A7E6007B0F5E /* AppDelegate.swift */,
				8EEB84B12895C3ED005D5FF1 /* ColorPalette.swift */,
				8EEB84B32895CC2C005D5FF1 /* FontPalette.swift */,
				8EE74D61289DD35F0053BF61 /* AppCoordinator.swift */,
				8ECEFA202896F4B20098896B /* Common */,
				8EEB81D128957C6F005D5FF1 /* EditTaskModule */,
				8EE74A83289DA6A20053BF61 /* TaskListModule */,
				8E0E44712894A7E7007B0F5E /* Assets.xcassets */,
				8E0E44732894A7E7007B0F5E /* LaunchScreen.storyboard */,
				8E0E44762894A7E7007B0F5E /* Info.plist */,
			);
			path = ToDoList;
			sourceTree = "<group>";
		};
		8E0E447E2894A7E7007B0F5E /* ToDoListTests */ = {
			isa = PBXGroup;
			children = (
				8EEB7EFD289565E6005D5FF1 /* FileCache */,
				8EEB7C222894C07C005D5FF1 /* TodoItem */,
			);
			path = ToDoListTests;
			sourceTree = "<group>";
		};
		8E0E44882894A7E7007B0F5E /* ToDoListUITests */ = {
			isa = PBXGroup;
			children = (
				8E0E44892894A7E7007B0F5E /* ToDoListUITests.swift */,
				8E0E448B2894A7E7007B0F5E /* ToDoListUITestsLaunchTests.swift */,
			);
			path = ToDoListUITests;
			sourceTree = "<group>";
		};
		8E398F2E289F08030026ADC4 /* Model */ = {
			isa = PBXGroup;
			children = (
				8E398F2F289F08510026ADC4 /* TaskListTableViewCellData.swift */,
				8E398F31289F0BB40026ADC4 /* TaskCellViewState.swift */,
			);
			path = Model;
			sourceTree = "<group>";
		};
		8E66C36D2894AF5100632D85 /* Model */ = {
			isa = PBXGroup;
			children = (
			);
			path = Model;
			sourceTree = "<group>";
		};
		8ECEFA202896F4B20098896B /* Common */ = {
			isa = PBXGroup;
			children = (
				8E881DFB28A0495100446A96 /* AnimationController.swift */,
				8EE74D63289DD55F0053BF61 /* CustomNavigationController.swift */,
				8EE74D65289DD6360053BF61 /* Extensions */,
			);
			path = Common;
			sourceTree = "<group>";
		};
		8EE74A83289DA6A20053BF61 /* TaskListModule */ = {
			isa = PBXGroup;
			children = (
				8E398F2E289F08030026ADC4 /* Model */,
				8EE74A85289DA6C90053BF61 /* Presenter */,
				8EE74A84289DA6C20053BF61 /* View */,
				8EE74D5B289DAA7E0053BF61 /* TaskListModuleBuilder.swift */,
			);
			path = TaskListModule;
			sourceTree = "<group>";
		};
		8EE74A84289DA6C20053BF61 /* View */ = {
			isa = PBXGroup;
			children = (
				8EE74A86289DA74F0053BF61 /* TaskListModuleViewController.swift */,
				8EE74D5F289DB53E0053BF61 /* TaskListModuleHeaderView.swift */,
				8EE74D66289DE7A60053BF61 /* TaskListModuleTaskCell */,
				8E398F2A289EF7450026ADC4 /* TaskListCreateNewTaskCell.swift */,
			);
			path = View;
			sourceTree = "<group>";
		};
		8EE74A85289DA6C90053BF61 /* Presenter */ = {
			isa = PBXGroup;
			children = (
				8EE74A88289DA7660053BF61 /* TaskListModulePresenter.swift */,
			);
			path = Presenter;
			sourceTree = "<group>";
		};
		8EE74D65289DD6360053BF61 /* Extensions */ = {
			isa = PBXGroup;
			children = (
				8ECEFA212896F4C20098896B /* DateExtension.swift */,
				8ECEFA232896FF5B0098896B /* UIBarButtonItemExtension.swift */,
			);
			path = Extensions;
			sourceTree = "<group>";
		};
		8EE74D66289DE7A60053BF61 /* TaskListModuleTaskCell */ = {
			isa = PBXGroup;
			children = (
				8E398F2C289F07BD0026ADC4 /* TaskListModuleTaskCellConfigurable.swift */,
				8EE74D5D289DAE800053BF61 /* TaskListModuleTaskCell.swift */,
				8EE74D67289DE84E0053BF61 /* CellContentStackView.swift */,
				8EE74D69289DE8600053BF61 /* CellContentTitleStackView.swift */,
				8EE74D6B289DE8690053BF61 /* CellContentSubtitleStackView.swift */,
			);
			path = TaskListModuleTaskCell;
			sourceTree = "<group>";
		};
		8EEB7C222894C07C005D5FF1 /* TodoItem */ = {
			isa = PBXGroup;
			children = (
				8EEB7C232894C095005D5FF1 /* TodoItemTests.swift */,
				8EEB7EF62894C855005D5FF1 /* TodoItemParsingTests.swift */,
			);
			path = TodoItem;
			sourceTree = "<group>";
		};
		8EEB7EFD289565E6005D5FF1 /* FileCache */ = {
			isa = PBXGroup;
			children = (
				8EEB7EFE289565EE005D5FF1 /* FileCacheTest.swift */,
			);
			path = FileCache;
			sourceTree = "<group>";
		};
		8EEB81D128957C6F005D5FF1 /* EditTaskModule */ = {
			isa = PBXGroup;
			children = (
				8EEB81D328957D17005D5FF1 /* Presenter */,
				8EEB81D228957D10005D5FF1 /* View */,
				8E66C36D2894AF5100632D85 /* Model */,
				8ECEFA1E2896D8060098896B /* EditTaskModuleBuilder.swift */,
			);
			path = EditTaskModule;
			sourceTree = "<group>";
		};
		8EEB81D228957D10005D5FF1 /* View */ = {
			isa = PBXGroup;
			children = (
				8EEB81D428957D31005D5FF1 /* EditTaskModuleViewController.swift */,
				8EEB84B52895D179005D5FF1 /* PriorityStackViewContainer.swift */,
				8EEB84B7289669AF005D5FF1 /* DeadlineStackViewContainer.swift */,
			);
			path = View;
			sourceTree = "<group>";
		};
		8EEB81D328957D17005D5FF1 /* Presenter */ = {
			isa = PBXGroup;
			children = (
				8EEB81D628957D3C005D5FF1 /* EditTaskModulePresenter.swift */,
			);
			path = Presenter;
			sourceTree = "<group>";
		};
/* End PBXGroup section */

/* Begin PBXNativeTarget section */
		8E0E44642894A7E6007B0F5E /* ToDoList */ = {
			isa = PBXNativeTarget;
			buildConfigurationList = 8E0E448F2894A7E7007B0F5E /* Build configuration list for PBXNativeTarget "ToDoList" */;
			buildPhases = (
				EE8756D9124AE2BD6F043249 /* [CP] Check Pods Manifest.lock */,
				8E0E44982894A980007B0F5E /* SwiftLint */,
				8E0E44612894A7E6007B0F5E /* Sources */,
				8E0E44622894A7E6007B0F5E /* Frameworks */,
				8E0E44632894A7E6007B0F5E /* Resources */,
				F5E8783A24413C6C33CBFB3A /* [CP] Embed Pods Frameworks */,
			);
			buildRules = (
			);
			dependencies = (
			);
			name = ToDoList;
			productName = ToDoList;
			productReference = 8E0E44652894A7E6007B0F5E /* ToDoList.app */;
			productType = "com.apple.product-type.application";
		};
		8E0E447A2894A7E7007B0F5E /* ToDoListTests */ = {
			isa = PBXNativeTarget;
			buildConfigurationList = 8E0E44922894A7E7007B0F5E /* Build configuration list for PBXNativeTarget "ToDoListTests" */;
			buildPhases = (
				5A28FDB13662FA27C5B6FA6F /* [CP] Check Pods Manifest.lock */,
				8E0E44772894A7E7007B0F5E /* Sources */,
				8E0E44782894A7E7007B0F5E /* Frameworks */,
				8E0E44792894A7E7007B0F5E /* Resources */,
			);
			buildRules = (
			);
			dependencies = (
				8E0E447D2894A7E7007B0F5E /* PBXTargetDependency */,
			);
			name = ToDoListTests;
			productName = ToDoListTests;
			productReference = 8E0E447B2894A7E7007B0F5E /* ToDoListTests.xctest */;
			productType = "com.apple.product-type.bundle.unit-test";
		};
		8E0E44842894A7E7007B0F5E /* ToDoListUITests */ = {
			isa = PBXNativeTarget;
			buildConfigurationList = 8E0E44952894A7E7007B0F5E /* Build configuration list for PBXNativeTarget "ToDoListUITests" */;
			buildPhases = (
				F558B88C94B9FA8DF8247FA4 /* [CP] Check Pods Manifest.lock */,
				8E0E44812894A7E7007B0F5E /* Sources */,
				8E0E44822894A7E7007B0F5E /* Frameworks */,
				8E0E44832894A7E7007B0F5E /* Resources */,
			);
			buildRules = (
			);
			dependencies = (
				8E0E44872894A7E7007B0F5E /* PBXTargetDependency */,
			);
			name = ToDoListUITests;
			productName = ToDoListUITests;
			productReference = 8E0E44852894A7E7007B0F5E /* ToDoListUITests.xctest */;
			productType = "com.apple.product-type.bundle.ui-testing";
		};
/* End PBXNativeTarget section */

/* Begin PBXProject section */
		8E0E445D2894A7E6007B0F5E /* Project object */ = {
			isa = PBXProject;
			attributes = {
				BuildIndependentTargetsInParallel = 1;
				LastSwiftUpdateCheck = 1320;
				LastUpgradeCheck = 1320;
				TargetAttributes = {
					8E0E44642894A7E6007B0F5E = {
						CreatedOnToolsVersion = 13.2.1;
					};
					8E0E447A2894A7E7007B0F5E = {
						CreatedOnToolsVersion = 13.2.1;
						TestTargetID = 8E0E44642894A7E6007B0F5E;
					};
					8E0E44842894A7E7007B0F5E = {
						CreatedOnToolsVersion = 13.2.1;
						TestTargetID = 8E0E44642894A7E6007B0F5E;
					};
				};
			};
			buildConfigurationList = 8E0E44602894A7E6007B0F5E /* Build configuration list for PBXProject "ToDoList" */;
			compatibilityVersion = "Xcode 13.0";
			developmentRegion = en;
			hasScannedForEncodings = 0;
			knownRegions = (
				en,
				Base,
			);
			mainGroup = 8E0E445C2894A7E6007B0F5E;
			productRefGroup = 8E0E44662894A7E6007B0F5E /* Products */;
			projectDirPath = "";
			projectRoot = "";
			targets = (
				8E0E44642894A7E6007B0F5E /* ToDoList */,
				8E0E447A2894A7E7007B0F5E /* ToDoListTests */,
				8E0E44842894A7E7007B0F5E /* ToDoListUITests */,
			);
		};
/* End PBXProject section */

/* Begin PBXResourcesBuildPhase section */
		8E0E44632894A7E6007B0F5E /* Resources */ = {
			isa = PBXResourcesBuildPhase;
			buildActionMask = 2147483647;
			files = (
				8E0E44752894A7E7007B0F5E /* LaunchScreen.storyboard in Resources */,
				8E0E44722894A7E7007B0F5E /* Assets.xcassets in Resources */,
			);
			runOnlyForDeploymentPostprocessing = 0;
		};
		8E0E44792894A7E7007B0F5E /* Resources */ = {
			isa = PBXResourcesBuildPhase;
			buildActionMask = 2147483647;
			files = (
			);
			runOnlyForDeploymentPostprocessing = 0;
		};
		8E0E44832894A7E7007B0F5E /* Resources */ = {
			isa = PBXResourcesBuildPhase;
			buildActionMask = 2147483647;
			files = (
			);
			runOnlyForDeploymentPostprocessing = 0;
		};
/* End PBXResourcesBuildPhase section */

/* Begin PBXShellScriptBuildPhase section */
		5A28FDB13662FA27C5B6FA6F /* [CP] Check Pods Manifest.lock */ = {
			isa = PBXShellScriptBuildPhase;
			buildActionMask = 2147483647;
			files = (
			);
			inputFileListPaths = (
			);
			inputPaths = (
				"${PODS_PODFILE_DIR_PATH}/Podfile.lock",
				"${PODS_ROOT}/Manifest.lock",
			);
			name = "[CP] Check Pods Manifest.lock";
			outputFileListPaths = (
			);
			outputPaths = (
				"$(DERIVED_FILE_DIR)/Pods-ToDoListTests-checkManifestLockResult.txt",
			);
			runOnlyForDeploymentPostprocessing = 0;
			shellPath = /bin/sh;
			shellScript = "diff \"${PODS_PODFILE_DIR_PATH}/Podfile.lock\" \"${PODS_ROOT}/Manifest.lock\" > /dev/null\nif [ $? != 0 ] ; then\n    # print error to STDERR\n    echo \"error: The sandbox is not in sync with the Podfile.lock. Run 'pod install' or update your CocoaPods installation.\" >&2\n    exit 1\nfi\n# This output is used by Xcode 'outputs' to avoid re-running this script phase.\necho \"SUCCESS\" > \"${SCRIPT_OUTPUT_FILE_0}\"\n";
			showEnvVarsInLog = 0;
		};
		8E0E44982894A980007B0F5E /* SwiftLint */ = {
			isa = PBXShellScriptBuildPhase;
			buildActionMask = 2147483647;
			files = (
			);
			inputFileListPaths = (
			);
			inputPaths = (
			);
			name = SwiftLint;
			outputFileListPaths = (
			);
			outputPaths = (
			);
			runOnlyForDeploymentPostprocessing = 0;
			shellPath = /bin/sh;
			shellScript = "export PATH=\"$PATH:/opt/homebrew/bin\"\nif which swiftlint > /dev/null; then\n  swiftlint\nelse\n  echo \"warning: SwiftLint not installed, download from https://github.com/realm/SwiftLint\"\nfi\n";
		};
		EE8756D9124AE2BD6F043249 /* [CP] Check Pods Manifest.lock */ = {
			isa = PBXShellScriptBuildPhase;
			buildActionMask = 2147483647;
			files = (
			);
			inputFileListPaths = (
			);
			inputPaths = (
				"${PODS_PODFILE_DIR_PATH}/Podfile.lock",
				"${PODS_ROOT}/Manifest.lock",
			);
			name = "[CP] Check Pods Manifest.lock";
			outputFileListPaths = (
			);
			outputPaths = (
				"$(DERIVED_FILE_DIR)/Pods-ToDoList-checkManifestLockResult.txt",
			);
			runOnlyForDeploymentPostprocessing = 0;
			shellPath = /bin/sh;
			shellScript = "diff \"${PODS_PODFILE_DIR_PATH}/Podfile.lock\" \"${PODS_ROOT}/Manifest.lock\" > /dev/null\nif [ $? != 0 ] ; then\n    # print error to STDERR\n    echo \"error: The sandbox is not in sync with the Podfile.lock. Run 'pod install' or update your CocoaPods installation.\" >&2\n    exit 1\nfi\n# This output is used by Xcode 'outputs' to avoid re-running this script phase.\necho \"SUCCESS\" > \"${SCRIPT_OUTPUT_FILE_0}\"\n";
			showEnvVarsInLog = 0;
		};
		F558B88C94B9FA8DF8247FA4 /* [CP] Check Pods Manifest.lock */ = {
			isa = PBXShellScriptBuildPhase;
			buildActionMask = 2147483647;
			files = (
			);
			inputFileListPaths = (
			);
			inputPaths = (
				"${PODS_PODFILE_DIR_PATH}/Podfile.lock",
				"${PODS_ROOT}/Manifest.lock",
			);
			name = "[CP] Check Pods Manifest.lock";
			outputFileListPaths = (
			);
			outputPaths = (
				"$(DERIVED_FILE_DIR)/Pods-ToDoListUITests-checkManifestLockResult.txt",
			);
			runOnlyForDeploymentPostprocessing = 0;
			shellPath = /bin/sh;
			shellScript = "diff \"${PODS_PODFILE_DIR_PATH}/Podfile.lock\" \"${PODS_ROOT}/Manifest.lock\" > /dev/null\nif [ $? != 0 ] ; then\n    # print error to STDERR\n    echo \"error: The sandbox is not in sync with the Podfile.lock. Run 'pod install' or update your CocoaPods installation.\" >&2\n    exit 1\nfi\n# This output is used by Xcode 'outputs' to avoid re-running this script phase.\necho \"SUCCESS\" > \"${SCRIPT_OUTPUT_FILE_0}\"\n";
			showEnvVarsInLog = 0;
		};
		F5E8783A24413C6C33CBFB3A /* [CP] Embed Pods Frameworks */ = {
			isa = PBXShellScriptBuildPhase;
			buildActionMask = 2147483647;
			files = (
			);
			inputFileListPaths = (
				"${PODS_ROOT}/Target Support Files/Pods-ToDoList/Pods-ToDoList-frameworks-${CONFIGURATION}-input-files.xcfilelist",
			);
			name = "[CP] Embed Pods Frameworks";
			outputFileListPaths = (
				"${PODS_ROOT}/Target Support Files/Pods-ToDoList/Pods-ToDoList-frameworks-${CONFIGURATION}-output-files.xcfilelist",
			);
			runOnlyForDeploymentPostprocessing = 0;
			shellPath = /bin/sh;
			shellScript = "\"${PODS_ROOT}/Target Support Files/Pods-ToDoList/Pods-ToDoList-frameworks.sh\"\n";
			showEnvVarsInLog = 0;
		};
/* End PBXShellScriptBuildPhase section */

/* Begin PBXSourcesBuildPhase section */
		8E0E44612894A7E6007B0F5E /* Sources */ = {
			isa = PBXSourcesBuildPhase;
			buildActionMask = 2147483647;
			files = (
				8E398F30289F08510026ADC4 /* TaskListTableViewCellData.swift in Sources */,
				8EEB84B22895C3ED005D5FF1 /* ColorPalette.swift in Sources */,
				8EEB81D528957D31005D5FF1 /* EditTaskModuleViewController.swift in Sources */,
				8EEB84B8289669AF005D5FF1 /* DeadlineStackViewContainer.swift in Sources */,
				8EEB84B42895CC2C005D5FF1 /* FontPalette.swift in Sources */,
				8E398F2D289F07BD0026ADC4 /* TaskListModuleTaskCellConfigurable.swift in Sources */,
				8E881DFC28A0495100446A96 /* AnimationController.swift in Sources */,
				8EE74A87289DA74F0053BF61 /* TaskListModuleViewController.swift in Sources */,
				8EE74D68289DE84E0053BF61 /* CellContentStackView.swift in Sources */,
				8EE74D62289DD35F0053BF61 /* AppCoordinator.swift in Sources */,
				8EEB81D728957D3C005D5FF1 /* EditTaskModulePresenter.swift in Sources */,
				8ECEFA222896F4C20098896B /* DateExtension.swift in Sources */,
				8EE74D5E289DAE800053BF61 /* TaskListModuleTaskCell.swift in Sources */,
				8EE74D5C289DAA7E0053BF61 /* TaskListModuleBuilder.swift in Sources */,
				8EE74D6A289DE8600053BF61 /* CellContentTitleStackView.swift in Sources */,
				8ECEFA242896FF5B0098896B /* UIBarButtonItemExtension.swift in Sources */,
				8E398F32289F0BB40026ADC4 /* TaskCellViewState.swift in Sources */,
				8EEB84B62895D179005D5FF1 /* PriorityStackViewContainer.swift in Sources */,
				8EE74A89289DA7660053BF61 /* TaskListModulePresenter.swift in Sources */,
				8EE74D60289DB53E0053BF61 /* TaskListModuleHeaderView.swift in Sources */,
				8E398F2B289EF7450026ADC4 /* TaskListCreateNewTaskCell.swift in Sources */,
				8EE74D6C289DE8690053BF61 /* CellContentSubtitleStackView.swift in Sources */,
				8ECEFA1F2896D8060098896B /* EditTaskModuleBuilder.swift in Sources */,
				8EE74D64289DD55F0053BF61 /* CustomNavigationController.swift in Sources */,
				8E0E44692894A7E6007B0F5E /* AppDelegate.swift in Sources */,
			);
			runOnlyForDeploymentPostprocessing = 0;
		};
		8E0E44772894A7E7007B0F5E /* Sources */ = {
			isa = PBXSourcesBuildPhase;
			buildActionMask = 2147483647;
			files = (
				8EEB7C242894C095005D5FF1 /* TodoItemTests.swift in Sources */,
				8EEB7EF72894C855005D5FF1 /* TodoItemParsingTests.swift in Sources */,
				8EEB7EFF289565EE005D5FF1 /* FileCacheTest.swift in Sources */,
			);
			runOnlyForDeploymentPostprocessing = 0;
		};
		8E0E44812894A7E7007B0F5E /* Sources */ = {
			isa = PBXSourcesBuildPhase;
			buildActionMask = 2147483647;
			files = (
				8E0E448C2894A7E7007B0F5E /* ToDoListUITestsLaunchTests.swift in Sources */,
				8E0E448A2894A7E7007B0F5E /* ToDoListUITests.swift in Sources */,
			);
			runOnlyForDeploymentPostprocessing = 0;
		};
/* End PBXSourcesBuildPhase section */

/* Begin PBXTargetDependency section */
		8E0E447D2894A7E7007B0F5E /* PBXTargetDependency */ = {
			isa = PBXTargetDependency;
			target = 8E0E44642894A7E6007B0F5E /* ToDoList */;
			targetProxy = 8E0E447C2894A7E7007B0F5E /* PBXContainerItemProxy */;
		};
		8E0E44872894A7E7007B0F5E /* PBXTargetDependency */ = {
			isa = PBXTargetDependency;
			target = 8E0E44642894A7E6007B0F5E /* ToDoList */;
			targetProxy = 8E0E44862894A7E7007B0F5E /* PBXContainerItemProxy */;
		};
/* End PBXTargetDependency section */

/* Begin PBXVariantGroup section */
		8E0E44732894A7E7007B0F5E /* LaunchScreen.storyboard */ = {
			isa = PBXVariantGroup;
			children = (
				8E0E44742894A7E7007B0F5E /* Base */,
			);
			name = LaunchScreen.storyboard;
			sourceTree = "<group>";
		};
/* End PBXVariantGroup section */

/* Begin XCBuildConfiguration section */
		8E0E448D2894A7E7007B0F5E /* Debug */ = {
			isa = XCBuildConfiguration;
			buildSettings = {
				ALWAYS_SEARCH_USER_PATHS = NO;
				CLANG_ANALYZER_NONNULL = YES;
				CLANG_ANALYZER_NUMBER_OBJECT_CONVERSION = YES_AGGRESSIVE;
				CLANG_CXX_LANGUAGE_STANDARD = "gnu++17";
				CLANG_CXX_LIBRARY = "libc++";
				CLANG_ENABLE_MODULES = YES;
				CLANG_ENABLE_OBJC_ARC = YES;
				CLANG_ENABLE_OBJC_WEAK = YES;
				CLANG_WARN_BLOCK_CAPTURE_AUTORELEASING = YES;
				CLANG_WARN_BOOL_CONVERSION = YES;
				CLANG_WARN_COMMA = YES;
				CLANG_WARN_CONSTANT_CONVERSION = YES;
				CLANG_WARN_DEPRECATED_OBJC_IMPLEMENTATIONS = YES;
				CLANG_WARN_DIRECT_OBJC_ISA_USAGE = YES_ERROR;
				CLANG_WARN_DOCUMENTATION_COMMENTS = YES;
				CLANG_WARN_EMPTY_BODY = YES;
				CLANG_WARN_ENUM_CONVERSION = YES;
				CLANG_WARN_INFINITE_RECURSION = YES;
				CLANG_WARN_INT_CONVERSION = YES;
				CLANG_WARN_NON_LITERAL_NULL_CONVERSION = YES;
				CLANG_WARN_OBJC_IMPLICIT_RETAIN_SELF = YES;
				CLANG_WARN_OBJC_LITERAL_CONVERSION = YES;
				CLANG_WARN_OBJC_ROOT_CLASS = YES_ERROR;
				CLANG_WARN_QUOTED_INCLUDE_IN_FRAMEWORK_HEADER = YES;
				CLANG_WARN_RANGE_LOOP_ANALYSIS = YES;
				CLANG_WARN_STRICT_PROTOTYPES = YES;
				CLANG_WARN_SUSPICIOUS_MOVE = YES;
				CLANG_WARN_UNGUARDED_AVAILABILITY = YES_AGGRESSIVE;
				CLANG_WARN_UNREACHABLE_CODE = YES;
				CLANG_WARN__DUPLICATE_METHOD_MATCH = YES;
				COPY_PHASE_STRIP = NO;
				DEBUG_INFORMATION_FORMAT = dwarf;
				ENABLE_STRICT_OBJC_MSGSEND = YES;
				ENABLE_TESTABILITY = YES;
				GCC_C_LANGUAGE_STANDARD = gnu11;
				GCC_DYNAMIC_NO_PIC = NO;
				GCC_NO_COMMON_BLOCKS = YES;
				GCC_OPTIMIZATION_LEVEL = 0;
				GCC_PREPROCESSOR_DEFINITIONS = (
					"DEBUG=1",
					"$(inherited)",
				);
				GCC_WARN_64_TO_32_BIT_CONVERSION = YES;
				GCC_WARN_ABOUT_RETURN_TYPE = YES_ERROR;
				GCC_WARN_UNDECLARED_SELECTOR = YES;
				GCC_WARN_UNINITIALIZED_AUTOS = YES_AGGRESSIVE;
				GCC_WARN_UNUSED_FUNCTION = YES;
				GCC_WARN_UNUSED_VARIABLE = YES;
				IPHONEOS_DEPLOYMENT_TARGET = 14.0;
				MTL_ENABLE_DEBUG_INFO = INCLUDE_SOURCE;
				MTL_FAST_MATH = YES;
				ONLY_ACTIVE_ARCH = YES;
				SDKROOT = iphoneos;
				SWIFT_ACTIVE_COMPILATION_CONDITIONS = DEBUG;
				SWIFT_OPTIMIZATION_LEVEL = "-Onone";
			};
			name = Debug;
		};
		8E0E448E2894A7E7007B0F5E /* Release */ = {
			isa = XCBuildConfiguration;
			buildSettings = {
				ALWAYS_SEARCH_USER_PATHS = NO;
				CLANG_ANALYZER_NONNULL = YES;
				CLANG_ANALYZER_NUMBER_OBJECT_CONVERSION = YES_AGGRESSIVE;
				CLANG_CXX_LANGUAGE_STANDARD = "gnu++17";
				CLANG_CXX_LIBRARY = "libc++";
				CLANG_ENABLE_MODULES = YES;
				CLANG_ENABLE_OBJC_ARC = YES;
				CLANG_ENABLE_OBJC_WEAK = YES;
				CLANG_WARN_BLOCK_CAPTURE_AUTORELEASING = YES;
				CLANG_WARN_BOOL_CONVERSION = YES;
				CLANG_WARN_COMMA = YES;
				CLANG_WARN_CONSTANT_CONVERSION = YES;
				CLANG_WARN_DEPRECATED_OBJC_IMPLEMENTATIONS = YES;
				CLANG_WARN_DIRECT_OBJC_ISA_USAGE = YES_ERROR;
				CLANG_WARN_DOCUMENTATION_COMMENTS = YES;
				CLANG_WARN_EMPTY_BODY = YES;
				CLANG_WARN_ENUM_CONVERSION = YES;
				CLANG_WARN_INFINITE_RECURSION = YES;
				CLANG_WARN_INT_CONVERSION = YES;
				CLANG_WARN_NON_LITERAL_NULL_CONVERSION = YES;
				CLANG_WARN_OBJC_IMPLICIT_RETAIN_SELF = YES;
				CLANG_WARN_OBJC_LITERAL_CONVERSION = YES;
				CLANG_WARN_OBJC_ROOT_CLASS = YES_ERROR;
				CLANG_WARN_QUOTED_INCLUDE_IN_FRAMEWORK_HEADER = YES;
				CLANG_WARN_RANGE_LOOP_ANALYSIS = YES;
				CLANG_WARN_STRICT_PROTOTYPES = YES;
				CLANG_WARN_SUSPICIOUS_MOVE = YES;
				CLANG_WARN_UNGUARDED_AVAILABILITY = YES_AGGRESSIVE;
				CLANG_WARN_UNREACHABLE_CODE = YES;
				CLANG_WARN__DUPLICATE_METHOD_MATCH = YES;
				COPY_PHASE_STRIP = NO;
				DEBUG_INFORMATION_FORMAT = "dwarf-with-dsym";
				ENABLE_NS_ASSERTIONS = NO;
				ENABLE_STRICT_OBJC_MSGSEND = YES;
				GCC_C_LANGUAGE_STANDARD = gnu11;
				GCC_NO_COMMON_BLOCKS = YES;
				GCC_WARN_64_TO_32_BIT_CONVERSION = YES;
				GCC_WARN_ABOUT_RETURN_TYPE = YES_ERROR;
				GCC_WARN_UNDECLARED_SELECTOR = YES;
				GCC_WARN_UNINITIALIZED_AUTOS = YES_AGGRESSIVE;
				GCC_WARN_UNUSED_FUNCTION = YES;
				GCC_WARN_UNUSED_VARIABLE = YES;
				IPHONEOS_DEPLOYMENT_TARGET = 14.0;
				MTL_ENABLE_DEBUG_INFO = NO;
				MTL_FAST_MATH = YES;
				SDKROOT = iphoneos;
				SWIFT_COMPILATION_MODE = wholemodule;
				SWIFT_OPTIMIZATION_LEVEL = "-O";
				VALIDATE_PRODUCT = YES;
			};
			name = Release;
		};
		8E0E44902894A7E7007B0F5E /* Debug */ = {
			isa = XCBuildConfiguration;
			baseConfigurationReference = F1E1947FE7C7BC04B9F830D5 /* Pods-ToDoList.debug.xcconfig */;
			buildSettings = {
				ASSETCATALOG_COMPILER_APPICON_NAME = AppIcon;
				ASSETCATALOG_COMPILER_GLOBAL_ACCENT_COLOR_NAME = AccentColor;
				CODE_SIGN_IDENTITY = "Apple Development";
				CODE_SIGN_STYLE = Automatic;
				CURRENT_PROJECT_VERSION = 1;
				DEVELOPMENT_TEAM = K2JV594WP2;
				GENERATE_INFOPLIST_FILE = YES;
				INFOPLIST_FILE = ToDoList/Info.plist;
				INFOPLIST_KEY_UIApplicationSupportsIndirectInputEvents = YES;
				INFOPLIST_KEY_UILaunchStoryboardName = LaunchScreen;
				INFOPLIST_KEY_UISupportedInterfaceOrientations_iPad = "UIInterfaceOrientationPortrait UIInterfaceOrientationPortraitUpsideDown UIInterfaceOrientationLandscapeLeft UIInterfaceOrientationLandscapeRight";
				INFOPLIST_KEY_UISupportedInterfaceOrientations_iPhone = "UIInterfaceOrientationPortrait UIInterfaceOrientationLandscapeLeft UIInterfaceOrientationLandscapeRight";
				IPHONEOS_DEPLOYMENT_TARGET = 14.0;
				LD_RUNPATH_SEARCH_PATHS = (
					"$(inherited)",
					"@executable_path/Frameworks",
				);
				MARKETING_VERSION = 1.0;
				PRODUCT_BUNDLE_IDENTIFIER = kamil.khairullin.ToDoList1;
				PRODUCT_NAME = "$(TARGET_NAME)";
				PROVISIONING_PROFILE_SPECIFIER = "";
				SWIFT_EMIT_LOC_STRINGS = YES;
				SWIFT_VERSION = 5.0;
				TARGETED_DEVICE_FAMILY = "1,2";
			};
			name = Debug;
		};
		8E0E44912894A7E7007B0F5E /* Release */ = {
			isa = XCBuildConfiguration;
			baseConfigurationReference = 84503AA4D9BCE60F59AC9268 /* Pods-ToDoList.release.xcconfig */;
			buildSettings = {
				ASSETCATALOG_COMPILER_APPICON_NAME = AppIcon;
				ASSETCATALOG_COMPILER_GLOBAL_ACCENT_COLOR_NAME = AccentColor;
				CODE_SIGN_IDENTITY = "Apple Development";
				CODE_SIGN_STYLE = Automatic;
				CURRENT_PROJECT_VERSION = 1;
				DEVELOPMENT_TEAM = K2JV594WP2;
				GENERATE_INFOPLIST_FILE = YES;
				INFOPLIST_FILE = ToDoList/Info.plist;
				INFOPLIST_KEY_UIApplicationSupportsIndirectInputEvents = YES;
				INFOPLIST_KEY_UILaunchStoryboardName = LaunchScreen;
				INFOPLIST_KEY_UISupportedInterfaceOrientations_iPad = "UIInterfaceOrientationPortrait UIInterfaceOrientationPortraitUpsideDown UIInterfaceOrientationLandscapeLeft UIInterfaceOrientationLandscapeRight";
				INFOPLIST_KEY_UISupportedInterfaceOrientations_iPhone = "UIInterfaceOrientationPortrait UIInterfaceOrientationLandscapeLeft UIInterfaceOrientationLandscapeRight";
				IPHONEOS_DEPLOYMENT_TARGET = 14.0;
				LD_RUNPATH_SEARCH_PATHS = (
					"$(inherited)",
					"@executable_path/Frameworks",
				);
				MARKETING_VERSION = 1.0;
				PRODUCT_BUNDLE_IDENTIFIER = kamil.khairullin.ToDoList1;
				PRODUCT_NAME = "$(TARGET_NAME)";
				PROVISIONING_PROFILE_SPECIFIER = "";
				SWIFT_EMIT_LOC_STRINGS = YES;
				SWIFT_VERSION = 5.0;
				TARGETED_DEVICE_FAMILY = "1,2";
			};
			name = Release;
		};
		8E0E44932894A7E7007B0F5E /* Debug */ = {
			isa = XCBuildConfiguration;
			baseConfigurationReference = 2D4B34371626781468377588 /* Pods-ToDoListTests.debug.xcconfig */;
			buildSettings = {
				ALWAYS_EMBED_SWIFT_STANDARD_LIBRARIES = YES;
				BUNDLE_LOADER = "$(TEST_HOST)";
				CODE_SIGN_STYLE = Automatic;
				CURRENT_PROJECT_VERSION = 1;
				DEVELOPMENT_TEAM = K2JV594WP2;
				GENERATE_INFOPLIST_FILE = YES;
				IPHONEOS_DEPLOYMENT_TARGET = 14.0;
				MARKETING_VERSION = 1.0;
				PRODUCT_BUNDLE_IDENTIFIER = kamil.khairullin.ToDoListTests;
				PRODUCT_NAME = "$(TARGET_NAME)";
				SWIFT_EMIT_LOC_STRINGS = NO;
				SWIFT_VERSION = 5.0;
				TARGETED_DEVICE_FAMILY = "1,2";
				TEST_HOST = "$(BUILT_PRODUCTS_DIR)/ToDoList.app/ToDoList";
			};
			name = Debug;
		};
		8E0E44942894A7E7007B0F5E /* Release */ = {
			isa = XCBuildConfiguration;
			baseConfigurationReference = 02F9E972B00C9E1845FAC6D2 /* Pods-ToDoListTests.release.xcconfig */;
			buildSettings = {
				ALWAYS_EMBED_SWIFT_STANDARD_LIBRARIES = YES;
				BUNDLE_LOADER = "$(TEST_HOST)";
				CODE_SIGN_STYLE = Automatic;
				CURRENT_PROJECT_VERSION = 1;
				DEVELOPMENT_TEAM = K2JV594WP2;
				GENERATE_INFOPLIST_FILE = YES;
				IPHONEOS_DEPLOYMENT_TARGET = 14.0;
				MARKETING_VERSION = 1.0;
				PRODUCT_BUNDLE_IDENTIFIER = kamil.khairullin.ToDoListTests;
				PRODUCT_NAME = "$(TARGET_NAME)";
				SWIFT_EMIT_LOC_STRINGS = NO;
				SWIFT_VERSION = 5.0;
				TARGETED_DEVICE_FAMILY = "1,2";
				TEST_HOST = "$(BUILT_PRODUCTS_DIR)/ToDoList.app/ToDoList";
			};
			name = Release;
		};
		8E0E44962894A7E7007B0F5E /* Debug */ = {
			isa = XCBuildConfiguration;
			baseConfigurationReference = 6700B57488901ED580F269DD /* Pods-ToDoListUITests.debug.xcconfig */;
			buildSettings = {
				ALWAYS_EMBED_SWIFT_STANDARD_LIBRARIES = YES;
				CODE_SIGN_STYLE = Automatic;
				CURRENT_PROJECT_VERSION = 1;
				DEVELOPMENT_TEAM = K2JV594WP2;
				GENERATE_INFOPLIST_FILE = YES;
				MARKETING_VERSION = 1.0;
				PRODUCT_BUNDLE_IDENTIFIER = kamil.khairullin.ToDoListUITests;
				PRODUCT_NAME = "$(TARGET_NAME)";
				SWIFT_EMIT_LOC_STRINGS = NO;
				SWIFT_VERSION = 5.0;
				TARGETED_DEVICE_FAMILY = "1,2";
				TEST_TARGET_NAME = ToDoList;
			};
			name = Debug;
		};
		8E0E44972894A7E7007B0F5E /* Release */ = {
			isa = XCBuildConfiguration;
			baseConfigurationReference = 3836B070106A976341D24CF5 /* Pods-ToDoListUITests.release.xcconfig */;
			buildSettings = {
				ALWAYS_EMBED_SWIFT_STANDARD_LIBRARIES = YES;
				CODE_SIGN_STYLE = Automatic;
				CURRENT_PROJECT_VERSION = 1;
				DEVELOPMENT_TEAM = K2JV594WP2;
				GENERATE_INFOPLIST_FILE = YES;
				MARKETING_VERSION = 1.0;
				PRODUCT_BUNDLE_IDENTIFIER = kamil.khairullin.ToDoListUITests;
				PRODUCT_NAME = "$(TARGET_NAME)";
				SWIFT_EMIT_LOC_STRINGS = NO;
				SWIFT_VERSION = 5.0;
				TARGETED_DEVICE_FAMILY = "1,2";
				TEST_TARGET_NAME = ToDoList;
			};
			name = Release;
		};
/* End XCBuildConfiguration section */

/* Begin XCConfigurationList section */
		8E0E44602894A7E6007B0F5E /* Build configuration list for PBXProject "ToDoList" */ = {
			isa = XCConfigurationList;
			buildConfigurations = (
				8E0E448D2894A7E7007B0F5E /* Debug */,
				8E0E448E2894A7E7007B0F5E /* Release */,
			);
			defaultConfigurationIsVisible = 0;
			defaultConfigurationName = Release;
		};
		8E0E448F2894A7E7007B0F5E /* Build configuration list for PBXNativeTarget "ToDoList" */ = {
			isa = XCConfigurationList;
			buildConfigurations = (
				8E0E44902894A7E7007B0F5E /* Debug */,
				8E0E44912894A7E7007B0F5E /* Release */,
			);
			defaultConfigurationIsVisible = 0;
			defaultConfigurationName = Release;
		};
		8E0E44922894A7E7007B0F5E /* Build configuration list for PBXNativeTarget "ToDoListTests" */ = {
			isa = XCConfigurationList;
			buildConfigurations = (
				8E0E44932894A7E7007B0F5E /* Debug */,
				8E0E44942894A7E7007B0F5E /* Release */,
			);
			defaultConfigurationIsVisible = 0;
			defaultConfigurationName = Release;
		};
		8E0E44952894A7E7007B0F5E /* Build configuration list for PBXNativeTarget "ToDoListUITests" */ = {
			isa = XCConfigurationList;
			buildConfigurations = (
				8E0E44962894A7E7007B0F5E /* Debug */,
				8E0E44972894A7E7007B0F5E /* Release */,
			);
			defaultConfigurationIsVisible = 0;
			defaultConfigurationName = Release;
		};
/* End XCConfigurationList section */
	};
	rootObject = 8E0E445D2894A7E6007B0F5E /* Project object */;
}
