// !$*UTF8*$!
{
	archiveVersion = 1;
	classes = {
	};
	objectVersion = 55;
	objects = {

/* Begin PBXBuildFile section */
		0120DC06BF3A2461D4EC1D4B /* Pods_ToDoList.framework in Frameworks */ = {isa = PBXBuildFile; fileRef = EA171E8C0A07FB6ABB8044DB /* Pods_ToDoList.framework */; };
		343E189133C179F78BB6E8CA /* Pods_ToDoListUITests.framework in Frameworks */ = {isa = PBXBuildFile; fileRef = 2846D7219CEB0EAEC70B8D8B /* Pods_ToDoListUITests.framework */; };
		75768CE90C6725E18A5949C6 /* Pods_ToDoListTests.framework in Frameworks */ = {isa = PBXBuildFile; fileRef = 67B53FEE00D974E873BB4EFC /* Pods_ToDoListTests.framework */; };
		8E0E44692894A7E6007B0F5E /* AppDelegate.swift in Sources */ = {isa = PBXBuildFile; fileRef = 8E0E44682894A7E6007B0F5E /* AppDelegate.swift */; };
		8E0E44752894A7E7007B0F5E /* LaunchScreen.storyboard in Resources */ = {isa = PBXBuildFile; fileRef = 8E0E44732894A7E7007B0F5E /* LaunchScreen.storyboard */; };
		8E0E448A2894A7E7007B0F5E /* ToDoListUITests.swift in Sources */ = {isa = PBXBuildFile; fileRef = 8E0E44892894A7E7007B0F5E /* ToDoListUITests.swift */; };
		8E0E448C2894A7E7007B0F5E /* ToDoListUITestsLaunchTests.swift in Sources */ = {isa = PBXBuildFile; fileRef = 8E0E448B2894A7E7007B0F5E /* ToDoListUITestsLaunchTests.swift */; };
		8E398F2B289EF7450026ADC4 /* TaskListCreateNewTaskCell.swift in Sources */ = {isa = PBXBuildFile; fileRef = 8E398F2A289EF7450026ADC4 /* TaskListCreateNewTaskCell.swift */; };
		8E398F2D289F07BD0026ADC4 /* TaskListModuleTaskCellConfigurable.swift in Sources */ = {isa = PBXBuildFile; fileRef = 8E398F2C289F07BD0026ADC4 /* TaskListModuleTaskCellConfigurable.swift */; };
		8E398F30289F08510026ADC4 /* TaskListTableViewCellData.swift in Sources */ = {isa = PBXBuildFile; fileRef = 8E398F2F289F08510026ADC4 /* TaskListTableViewCellData.swift */; };
		8E398F32289F0BB40026ADC4 /* TaskCellViewState.swift in Sources */ = {isa = PBXBuildFile; fileRef = 8E398F31289F0BB40026ADC4 /* TaskCellViewState.swift */; };
		8E3C742E28A8127900A849A5 /* NetworkService.swift in Sources */ = {isa = PBXBuildFile; fileRef = 8E3C742D28A8127900A849A5 /* NetworkService.swift */; };
		8E3C743228A815AF00A849A5 /* FileCache.swift in Sources */ = {isa = PBXBuildFile; fileRef = 8E3C743028A815AF00A849A5 /* FileCache.swift */; };
		8E3C743328A815AF00A849A5 /* TodoItem.swift in Sources */ = {isa = PBXBuildFile; fileRef = 8E3C743128A815AF00A849A5 /* TodoItem.swift */; };
		8E7DD1E328A7F7050086804E /* UIWindowExtension.swift in Sources */ = {isa = PBXBuildFile; fileRef = 8E7DD1E228A7F7050086804E /* UIWindowExtension.swift */; };
		8E881DFC28A0495100446A96 /* AnimationController.swift in Sources */ = {isa = PBXBuildFile; fileRef = 8E881DFB28A0495100446A96 /* AnimationController.swift */; };
		8ECEFA1F2896D8060098896B /* EditTaskModuleBuilder.swift in Sources */ = {isa = PBXBuildFile; fileRef = 8ECEFA1E2896D8060098896B /* EditTaskModuleBuilder.swift */; };
		8ECEFA222896F4C20098896B /* DateExtension.swift in Sources */ = {isa = PBXBuildFile; fileRef = 8ECEFA212896F4C20098896B /* DateExtension.swift */; };
		8ECEFA242896FF5B0098896B /* UIBarButtonItemExtension.swift in Sources */ = {isa = PBXBuildFile; fileRef = 8ECEFA232896FF5B0098896B /* UIBarButtonItemExtension.swift */; };
		8EE74A87289DA74F0053BF61 /* TaskListModuleViewController.swift in Sources */ = {isa = PBXBuildFile; fileRef = 8EE74A86289DA74F0053BF61 /* TaskListModuleViewController.swift */; };
		8EE74A89289DA7660053BF61 /* TaskListModulePresenter.swift in Sources */ = {isa = PBXBuildFile; fileRef = 8EE74A88289DA7660053BF61 /* TaskListModulePresenter.swift */; };
		8EE74D5C289DAA7E0053BF61 /* TaskListModuleBuilder.swift in Sources */ = {isa = PBXBuildFile; fileRef = 8EE74D5B289DAA7E0053BF61 /* TaskListModuleBuilder.swift */; };
		8EE74D5E289DAE800053BF61 /* TaskListModuleTaskCell.swift in Sources */ = {isa = PBXBuildFile; fileRef = 8EE74D5D289DAE800053BF61 /* TaskListModuleTaskCell.swift */; };
		8EE74D60289DB53E0053BF61 /* TaskListModuleHeaderView.swift in Sources */ = {isa = PBXBuildFile; fileRef = 8EE74D5F289DB53E0053BF61 /* TaskListModuleHeaderView.swift */; };
		8EE74D62289DD35F0053BF61 /* AppCoordinator.swift in Sources */ = {isa = PBXBuildFile; fileRef = 8EE74D61289DD35F0053BF61 /* AppCoordinator.swift */; };
		8EE74D64289DD55F0053BF61 /* CustomNavigationController.swift in Sources */ = {isa = PBXBuildFile; fileRef = 8EE74D63289DD55F0053BF61 /* CustomNavigationController.swift */; };
		8EE74D68289DE84E0053BF61 /* CellContentStackView.swift in Sources */ = {isa = PBXBuildFile; fileRef = 8EE74D67289DE84E0053BF61 /* CellContentStackView.swift */; };
		8EE74D6A289DE8600053BF61 /* CellContentTitleStackView.swift in Sources */ = {isa = PBXBuildFile; fileRef = 8EE74D69289DE8600053BF61 /* CellContentTitleStackView.swift */; };
		8EE74D6C289DE8690053BF61 /* CellContentSubtitleStackView.swift in Sources */ = {isa = PBXBuildFile; fileRef = 8EE74D6B289DE8690053BF61 /* CellContentSubtitleStackView.swift */; };
		8EEB7C242894C095005D5FF1 /* TodoItemTests.swift in Sources */ = {isa = PBXBuildFile; fileRef = 8EEB7C232894C095005D5FF1 /* TodoItemTests.swift */; };
		8EEB7EF72894C855005D5FF1 /* TodoItemParsingTests.swift in Sources */ = {isa = PBXBuildFile; fileRef = 8EEB7EF62894C855005D5FF1 /* TodoItemParsingTests.swift */; };
		8EEB7EFF289565EE005D5FF1 /* FileCacheTest.swift in Sources */ = {isa = PBXBuildFile; fileRef = 8EEB7EFE289565EE005D5FF1 /* FileCacheTest.swift */; };
		8EEB81D528957D31005D5FF1 /* EditTaskModuleViewController.swift in Sources */ = {isa = PBXBuildFile; fileRef = 8EEB81D428957D31005D5FF1 /* EditTaskModuleViewController.swift */; };
		8EEB81D728957D3C005D5FF1 /* EditTaskModulePresenter.swift in Sources */ = {isa = PBXBuildFile; fileRef = 8EEB81D628957D3C005D5FF1 /* EditTaskModulePresenter.swift */; };
		8EEB84B22895C3ED005D5FF1 /* ColorPalette.swift in Sources */ = {isa = PBXBuildFile; fileRef = 8EEB84B12895C3ED005D5FF1 /* ColorPalette.swift */; };
		8EEB84B42895CC2C005D5FF1 /* FontPalette.swift in Sources */ = {isa = PBXBuildFile; fileRef = 8EEB84B32895CC2C005D5FF1 /* FontPalette.swift */; };
		8EEB84B62895D179005D5FF1 /* PriorityStackViewContainer.swift in Sources */ = {isa = PBXBuildFile; fileRef = 8EEB84B52895D179005D5FF1 /* PriorityStackViewContainer.swift */; };
		8EEB84B8289669AF005D5FF1 /* DeadlineStackViewContainer.swift in Sources */ = {isa = PBXBuildFile; fileRef = 8EEB84B7289669AF005D5FF1 /* DeadlineStackViewContainer.swift */; };
		8EEECB5628A8181000079D0F /* FileCacheService.swift in Sources */ = {isa = PBXBuildFile; fileRef = 8EEECB5528A8181000079D0F /* FileCacheService.swift */; };
		8EEECB5828A8191B00079D0F /* MockFileCacheService.swift in Sources */ = {isa = PBXBuildFile; fileRef = 8EEECB5728A8191B00079D0F /* MockFileCacheService.swift */; };
		8EEECB5A28A81BDC00079D0F /* FileCacheError.swift in Sources */ = {isa = PBXBuildFile; fileRef = 8EEECB5928A81BDC00079D0F /* FileCacheError.swift */; };
/* End PBXBuildFile section */

/* Begin PBXContainerItemProxy section */
		8E0E447C2894A7E7007B0F5E /* PBXContainerItemProxy */ = {
			isa = PBXContainerItemProxy;
			containerPortal = 8E0E445D2894A7E6007B0F5E /* Project object */;
			proxyType = 1;
			remoteGlobalIDString = 8E0E44642894A7E6007B0F5E;
			remoteInfo = ToDoList;
		};
		8E0E44862894A7E7007B0F5E /* PBXContainerItemProxy */ = {
			isa = PBXContainerItemProxy;
			containerPortal = 8E0E445D2894A7E6007B0F5E /* Project object */;
			proxyType = 1;
			remoteGlobalIDString = 8E0E44642894A7E6007B0F5E;
			remoteInfo = ToDoList;
		};
/* End PBXContainerItemProxy section */

/* Begin PBXFileReference section */
		2846D7219CEB0EAEC70B8D8B /* Pods_ToDoListUITests.framework */ = {isa = PBXFileReference; explicitFileType = wrapper.framework; includeInIndex = 0; path = Pods_ToDoListUITests.framework; sourceTree = BUILT_PRODUCTS_DIR; };
		4B09CF167D7F50D159FE7866 /* Pods-ToDoListTests.debug.xcconfig */ = {isa = PBXFileReference; includeInIndex = 1; lastKnownFileType = text.xcconfig; name = "Pods-ToDoListTests.debug.xcconfig"; path = "Target Support Files/Pods-ToDoListTests/Pods-ToDoListTests.debug.xcconfig"; sourceTree = "<group>"; };
		4B27E81844AD4746FE9D01FB /* Pods-ToDoList.debug.xcconfig */ = {isa = PBXFileReference; includeInIndex = 1; lastKnownFileType = text.xcconfig; name = "Pods-ToDoList.debug.xcconfig"; path = "Target Support Files/Pods-ToDoList/Pods-ToDoList.debug.xcconfig"; sourceTree = "<group>"; };
		67B53FEE00D974E873BB4EFC /* Pods_ToDoListTests.framework */ = {isa = PBXFileReference; explicitFileType = wrapper.framework; includeInIndex = 0; path = Pods_ToDoListTests.framework; sourceTree = BUILT_PRODUCTS_DIR; };
		6E9A1990FF151C3F6B49F738 /* Pods-ToDoListUITests.release.xcconfig */ = {isa = PBXFileReference; includeInIndex = 1; lastKnownFileType = text.xcconfig; name = "Pods-ToDoListUITests.release.xcconfig"; path = "Target Support Files/Pods-ToDoListUITests/Pods-ToDoListUITests.release.xcconfig"; sourceTree = "<group>"; };
		8E0E44652894A7E6007B0F5E /* ToDoList.app */ = {isa = PBXFileReference; explicitFileType = wrapper.application; includeInIndex = 0; path = ToDoList.app; sourceTree = BUILT_PRODUCTS_DIR; };
		8E0E44682894A7E6007B0F5E /* AppDelegate.swift */ = {isa = PBXFileReference; lastKnownFileType = sourcecode.swift; path = AppDelegate.swift; sourceTree = "<group>"; };
		8E0E44742894A7E7007B0F5E /* Base */ = {isa = PBXFileReference; lastKnownFileType = file.storyboard; name = Base; path = Base.lproj/LaunchScreen.storyboard; sourceTree = "<group>"; };
		8E0E44762894A7E7007B0F5E /* Info.plist */ = {isa = PBXFileReference; lastKnownFileType = text.plist.xml; path = Info.plist; sourceTree = "<group>"; };
		8E0E447B2894A7E7007B0F5E /* ToDoListTests.xctest */ = {isa = PBXFileReference; explicitFileType = wrapper.cfbundle; includeInIndex = 0; path = ToDoListTests.xctest; sourceTree = BUILT_PRODUCTS_DIR; };
		8E0E44852894A7E7007B0F5E /* ToDoListUITests.xctest */ = {isa = PBXFileReference; explicitFileType = wrapper.cfbundle; includeInIndex = 0; path = ToDoListUITests.xctest; sourceTree = BUILT_PRODUCTS_DIR; };
		8E0E44892894A7E7007B0F5E /* ToDoListUITests.swift */ = {isa = PBXFileReference; lastKnownFileType = sourcecode.swift; path = ToDoListUITests.swift; sourceTree = "<group>"; };
		8E0E448B2894A7E7007B0F5E /* ToDoListUITestsLaunchTests.swift */ = {isa = PBXFileReference; lastKnownFileType = sourcecode.swift; path = ToDoListUITestsLaunchTests.swift; sourceTree = "<group>"; };
		8E398F2A289EF7450026ADC4 /* TaskListCreateNewTaskCell.swift */ = {isa = PBXFileReference; lastKnownFileType = sourcecode.swift; path = TaskListCreateNewTaskCell.swift; sourceTree = "<group>"; };
		8E398F2C289F07BD0026ADC4 /* TaskListModuleTaskCellConfigurable.swift */ = {isa = PBXFileReference; lastKnownFileType = sourcecode.swift; path = TaskListModuleTaskCellConfigurable.swift; sourceTree = "<group>"; };
		8E398F2F289F08510026ADC4 /* TaskListTableViewCellData.swift */ = {isa = PBXFileReference; lastKnownFileType = sourcecode.swift; path = TaskListTableViewCellData.swift; sourceTree = "<group>"; };
		8E398F31289F0BB40026ADC4 /* TaskCellViewState.swift */ = {isa = PBXFileReference; lastKnownFileType = sourcecode.swift; path = TaskCellViewState.swift; sourceTree = "<group>"; };
		8E3C742D28A8127900A849A5 /* NetworkService.swift */ = {isa = PBXFileReference; lastKnownFileType = sourcecode.swift; path = NetworkService.swift; sourceTree = "<group>"; };
		8E3C743028A815AF00A849A5 /* FileCache.swift */ = {isa = PBXFileReference; fileEncoding = 4; lastKnownFileType = sourcecode.swift; path = FileCache.swift; sourceTree = "<group>"; };
		8E3C743128A815AF00A849A5 /* TodoItem.swift */ = {isa = PBXFileReference; fileEncoding = 4; lastKnownFileType = sourcecode.swift; path = TodoItem.swift; sourceTree = "<group>"; };
		8E7DD1E228A7F7050086804E /* UIWindowExtension.swift */ = {isa = PBXFileReference; lastKnownFileType = sourcecode.swift; path = UIWindowExtension.swift; sourceTree = "<group>"; };
		8E881DFB28A0495100446A96 /* AnimationController.swift */ = {isa = PBXFileReference; lastKnownFileType = sourcecode.swift; path = AnimationController.swift; sourceTree = "<group>"; };
		8ECEFA1E2896D8060098896B /* EditTaskModuleBuilder.swift */ = {isa = PBXFileReference; lastKnownFileType = sourcecode.swift; path = EditTaskModuleBuilder.swift; sourceTree = "<group>"; };
		8ECEFA212896F4C20098896B /* DateExtension.swift */ = {isa = PBXFileReference; lastKnownFileType = sourcecode.swift; path = DateExtension.swift; sourceTree = "<group>"; };
		8ECEFA232896FF5B0098896B /* UIBarButtonItemExtension.swift */ = {isa = PBXFileReference; lastKnownFileType = sourcecode.swift; path = UIBarButtonItemExtension.swift; sourceTree = "<group>"; };
		8EE74A86289DA74F0053BF61 /* TaskListModuleViewController.swift */ = {isa = PBXFileReference; lastKnownFileType = sourcecode.swift; path = TaskListModuleViewController.swift; sourceTree = "<group>"; };
		8EE74A88289DA7660053BF61 /* TaskListModulePresenter.swift */ = {isa = PBXFileReference; lastKnownFileType = sourcecode.swift; path = TaskListModulePresenter.swift; sourceTree = "<group>"; };
		8EE74D5B289DAA7E0053BF61 /* TaskListModuleBuilder.swift */ = {isa = PBXFileReference; lastKnownFileType = sourcecode.swift; path = TaskListModuleBuilder.swift; sourceTree = "<group>"; };
		8EE74D5D289DAE800053BF61 /* TaskListModuleTaskCell.swift */ = {isa = PBXFileReference; lastKnownFileType = sourcecode.swift; path = TaskListModuleTaskCell.swift; sourceTree = "<group>"; };
		8EE74D5F289DB53E0053BF61 /* TaskListModuleHeaderView.swift */ = {isa = PBXFileReference; lastKnownFileType = sourcecode.swift; path = TaskListModuleHeaderView.swift; sourceTree = "<group>"; };
		8EE74D61289DD35F0053BF61 /* AppCoordinator.swift */ = {isa = PBXFileReference; lastKnownFileType = sourcecode.swift; path = AppCoordinator.swift; sourceTree = "<group>"; };
		8EE74D63289DD55F0053BF61 /* CustomNavigationController.swift */ = {isa = PBXFileReference; lastKnownFileType = sourcecode.swift; path = CustomNavigationController.swift; sourceTree = "<group>"; };
		8EE74D67289DE84E0053BF61 /* CellContentStackView.swift */ = {isa = PBXFileReference; lastKnownFileType = sourcecode.swift; path = CellContentStackView.swift; sourceTree = "<group>"; };
		8EE74D69289DE8600053BF61 /* CellContentTitleStackView.swift */ = {isa = PBXFileReference; lastKnownFileType = sourcecode.swift; path = CellContentTitleStackView.swift; sourceTree = "<group>"; };
		8EE74D6B289DE8690053BF61 /* CellContentSubtitleStackView.swift */ = {isa = PBXFileReference; lastKnownFileType = sourcecode.swift; path = CellContentSubtitleStackView.swift; sourceTree = "<group>"; };
		8EEB7C232894C095005D5FF1 /* TodoItemTests.swift */ = {isa = PBXFileReference; lastKnownFileType = sourcecode.swift; path = TodoItemTests.swift; sourceTree = "<group>"; };
		8EEB7EF62894C855005D5FF1 /* TodoItemParsingTests.swift */ = {isa = PBXFileReference; lastKnownFileType = sourcecode.swift; path = TodoItemParsingTests.swift; sourceTree = "<group>"; };
		8EEB7EFE289565EE005D5FF1 /* FileCacheTest.swift */ = {isa = PBXFileReference; lastKnownFileType = sourcecode.swift; path = FileCacheTest.swift; sourceTree = "<group>"; };
		8EEB81D428957D31005D5FF1 /* EditTaskModuleViewController.swift */ = {isa = PBXFileReference; lastKnownFileType = sourcecode.swift; path = EditTaskModuleViewController.swift; sourceTree = "<group>"; };
		8EEB81D628957D3C005D5FF1 /* EditTaskModulePresenter.swift */ = {isa = PBXFileReference; lastKnownFileType = sourcecode.swift; path = EditTaskModulePresenter.swift; sourceTree = "<group>"; };
		8EEB84B12895C3ED005D5FF1 /* ColorPalette.swift */ = {isa = PBXFileReference; lastKnownFileType = sourcecode.swift; path = ColorPalette.swift; sourceTree = "<group>"; };
		8EEB84B32895CC2C005D5FF1 /* FontPalette.swift */ = {isa = PBXFileReference; lastKnownFileType = sourcecode.swift; path = FontPalette.swift; sourceTree = "<group>"; };
		8EEB84B52895D179005D5FF1 /* PriorityStackViewContainer.swift */ = {isa = PBXFileReference; lastKnownFileType = sourcecode.swift; path = PriorityStackViewContainer.swift; sourceTree = "<group>"; };
		8EEB84B7289669AF005D5FF1 /* DeadlineStackViewContainer.swift */ = {isa = PBXFileReference; lastKnownFileType = sourcecode.swift; path = DeadlineStackViewContainer.swift; sourceTree = "<group>"; };
		8EEECB5528A8181000079D0F /* FileCacheService.swift */ = {isa = PBXFileReference; lastKnownFileType = sourcecode.swift; path = FileCacheService.swift; sourceTree = "<group>"; };
		8EEECB5728A8191B00079D0F /* MockFileCacheService.swift */ = {isa = PBXFileReference; lastKnownFileType = sourcecode.swift; path = MockFileCacheService.swift; sourceTree = "<group>"; };
		8EEECB5928A81BDC00079D0F /* FileCacheError.swift */ = {isa = PBXFileReference; lastKnownFileType = sourcecode.swift; path = FileCacheError.swift; sourceTree = "<group>"; };
		A6BD46B79D425777C9741BE7 /* Pods-ToDoListUITests.debug.xcconfig */ = {isa = PBXFileReference; includeInIndex = 1; lastKnownFileType = text.xcconfig; name = "Pods-ToDoListUITests.debug.xcconfig"; path = "Target Support Files/Pods-ToDoListUITests/Pods-ToDoListUITests.debug.xcconfig"; sourceTree = "<group>"; };
		DD10EE91E43B3C27D2F6B14E /* Pods-ToDoListTests.release.xcconfig */ = {isa = PBXFileReference; includeInIndex = 1; lastKnownFileType = text.xcconfig; name = "Pods-ToDoListTests.release.xcconfig"; path = "Target Support Files/Pods-ToDoListTests/Pods-ToDoListTests.release.xcconfig"; sourceTree = "<group>"; };
		E820B327C89764E375F8BA8E /* Pods-ToDoList.release.xcconfig */ = {isa = PBXFileReference; includeInIndex = 1; lastKnownFileType = text.xcconfig; name = "Pods-ToDoList.release.xcconfig"; path = "Target Support Files/Pods-ToDoList/Pods-ToDoList.release.xcconfig"; sourceTree = "<group>"; };
		EA171E8C0A07FB6ABB8044DB /* Pods_ToDoList.framework */ = {isa = PBXFileReference; explicitFileType = wrapper.framework; includeInIndex = 0; path = Pods_ToDoList.framework; sourceTree = BUILT_PRODUCTS_DIR; };
/* End PBXFileReference section */

/* Begin PBXFrameworksBuildPhase section */
		8E0E44622894A7E6007B0F5E /* Frameworks */ = {
			isa = PBXFrameworksBuildPhase;
			buildActionMask = 2147483647;
			files = (
				0120DC06BF3A2461D4EC1D4B /* Pods_ToDoList.framework in Frameworks */,
			);
			runOnlyForDeploymentPostprocessing = 0;
		};
		8E0E44782894A7E7007B0F5E /* Frameworks */ = {
			isa = PBXFrameworksBuildPhase;
			buildActionMask = 2147483647;
			files = (
				75768CE90C6725E18A5949C6 /* Pods_ToDoListTests.framework in Frameworks */,
			);
			runOnlyForDeploymentPostprocessing = 0;
		};
		8E0E44822894A7E7007B0F5E /* Frameworks */ = {
			isa = PBXFrameworksBuildPhase;
			buildActionMask = 2147483647;
			files = (
				343E189133C179F78BB6E8CA /* Pods_ToDoListUITests.framework in Frameworks */,
			);
			runOnlyForDeploymentPostprocessing = 0;
		};
/* End PBXFrameworksBuildPhase section */

/* Begin PBXGroup section */
		45AAF3FD4AA7537DFD77FD0C /* Pods */ = {
			isa = PBXGroup;
			children = (
				4B27E81844AD4746FE9D01FB /* Pods-ToDoList.debug.xcconfig */,
				E820B327C89764E375F8BA8E /* Pods-ToDoList.release.xcconfig */,
				4B09CF167D7F50D159FE7866 /* Pods-ToDoListTests.debug.xcconfig */,
				DD10EE91E43B3C27D2F6B14E /* Pods-ToDoListTests.release.xcconfig */,
				A6BD46B79D425777C9741BE7 /* Pods-ToDoListUITests.debug.xcconfig */,
				6E9A1990FF151C3F6B49F738 /* Pods-ToDoListUITests.release.xcconfig */,
			);
			path = Pods;
			sourceTree = "<group>";
		};
		8886195B08C87C211DC1C887 /* Frameworks */ = {
			isa = PBXGroup;
			children = (
				EA171E8C0A07FB6ABB8044DB /* Pods_ToDoList.framework */,
				67B53FEE00D974E873BB4EFC /* Pods_ToDoListTests.framework */,
				2846D7219CEB0EAEC70B8D8B /* Pods_ToDoListUITests.framework */,
			);
			name = Frameworks;
			sourceTree = "<group>";
		};
		8E0E445C2894A7E6007B0F5E = {
			isa = PBXGroup;
			children = (
				8E0E44672894A7E6007B0F5E /* ToDoList */,
				8E0E447E2894A7E7007B0F5E /* ToDoListTests */,
				8E0E44882894A7E7007B0F5E /* ToDoListUITests */,
				8E0E44662894A7E6007B0F5E /* Products */,
				45AAF3FD4AA7537DFD77FD0C /* Pods */,
				8886195B08C87C211DC1C887 /* Frameworks */,
			);
			sourceTree = "<group>";
		};
		8E0E44662894A7E6007B0F5E /* Products */ = {
			isa = PBXGroup;
			children = (
				8E0E44652894A7E6007B0F5E /* ToDoList.app */,
				8E0E447B2894A7E7007B0F5E /* ToDoListTests.xctest */,
				8E0E44852894A7E7007B0F5E /* ToDoListUITests.xctest */,
			);
			name = Products;
			sourceTree = "<group>";
		};
		8E0E44672894A7E6007B0F5E /* ToDoList */ = {
			isa = PBXGroup;
			children = (
				8E0E44682894A7E6007B0F5E /* AppDelegate.swift */,
				8EEB84B12895C3ED005D5FF1 /* ColorPalette.swift */,
				8EEB84B32895CC2C005D5FF1 /* FontPalette.swift */,
				8EE74D61289DD35F0053BF61 /* AppCoordinator.swift */,
				8E3C742F28A813DA00A849A5 /* Services */,
				8ECEFA202896F4B20098896B /* Common */,
				8EEB81D128957C6F005D5FF1 /* EditTaskModule */,
				8EE74A83289DA6A20053BF61 /* TaskListModule */,
				8E0E44732894A7E7007B0F5E /* LaunchScreen.storyboard */,
				8E0E44762894A7E7007B0F5E /* Info.plist */,
			);
			path = ToDoList;
			sourceTree = "<group>";
		};
		8E0E447E2894A7E7007B0F5E /* ToDoListTests */ = {
			isa = PBXGroup;
			children = (
				8EEB7EFD289565E6005D5FF1 /* FileCache */,
				8EEB7C222894C07C005D5FF1 /* TodoItem */,
			);
			path = ToDoListTests;
			sourceTree = "<group>";
		};
		8E0E44882894A7E7007B0F5E /* ToDoListUITests */ = {
			isa = PBXGroup;
			children = (
				8E0E44892894A7E7007B0F5E /* ToDoListUITests.swift */,
				8E0E448B2894A7E7007B0F5E /* ToDoListUITestsLaunchTests.swift */,
			);
			path = ToDoListUITests;
			sourceTree = "<group>";
		};
		8E398F2E289F08030026ADC4 /* Model */ = {
			isa = PBXGroup;
			children = (
				8E398F2F289F08510026ADC4 /* TaskListTableViewCellData.swift */,
				8E398F31289F0BB40026ADC4 /* TaskCellViewState.swift */,
			);
			path = Model;
			sourceTree = "<group>";
		};
		8E3C742F28A813DA00A849A5 /* Services */ = {
			isa = PBXGroup;
			children = (
				8EE3EAB428A93A8500004AB8 /* NetworkService */,
				8EE3EAB328A93A7500004AB8 /* FileCacheService */,
			);
			name = Services;
			path = ..;
			sourceTree = "<group>";
		};
		8E66C36D2894AF5100632D85 /* Model */ = {
			isa = PBXGroup;
			children = (
				8E3C743128A815AF00A849A5 /* TodoItem.swift */,
			);
			path = Model;
			sourceTree = "<group>";
		};
		8ECEFA202896F4B20098896B /* Common */ = {
			isa = PBXGroup;
			children = (
				8E881DFB28A0495100446A96 /* AnimationController.swift */,
				8EE74D63289DD55F0053BF61 /* CustomNavigationController.swift */,
				8EE74D65289DD6360053BF61 /* Extensions */,
			);
			path = Common;
			sourceTree = "<group>";
		};
		8EE3EAB328A93A7500004AB8 /* FileCacheService */ = {
			isa = PBXGroup;
			children = (
				8E3C743028A815AF00A849A5 /* FileCache.swift */,
				8EEECB5528A8181000079D0F /* FileCacheService.swift */,
				8EEECB5728A8191B00079D0F /* MockFileCacheService.swift */,
				8EEECB5928A81BDC00079D0F /* FileCacheError.swift */,
			);
			path = FileCacheService;
			sourceTree = "<group>";
		};
		8EE3EAB428A93A8500004AB8 /* NetworkService */ = {
			isa = PBXGroup;
			children = (
				8E3C742D28A8127900A849A5 /* NetworkService.swift */,
			);
			path = NetworkService;
			sourceTree = "<group>";
		};
		8EE74A83289DA6A20053BF61 /* TaskListModule */ = {
			isa = PBXGroup;
			children = (
				8E398F2E289F08030026ADC4 /* Model */,
				8EE74A85289DA6C90053BF61 /* Presenter */,
				8EE74A84289DA6C20053BF61 /* View */,
				8EE74D5B289DAA7E0053BF61 /* TaskListModuleBuilder.swift */,
			);
			path = TaskListModule;
			sourceTree = "<group>";
		};
		8EE74A84289DA6C20053BF61 /* View */ = {
			isa = PBXGroup;
			children = (
				8EE74A86289DA74F0053BF61 /* TaskListModuleViewController.swift */,
				8EE74D5F289DB53E0053BF61 /* TaskListModuleHeaderView.swift */,
				8EE74D66289DE7A60053BF61 /* TaskListModuleTaskCell */,
				8E398F2A289EF7450026ADC4 /* TaskListCreateNewTaskCell.swift */,
			);
			path = View;
			sourceTree = "<group>";
		};
		8EE74A85289DA6C90053BF61 /* Presenter */ = {
			isa = PBXGroup;
			children = (
				8EE74A88289DA7660053BF61 /* TaskListModulePresenter.swift */,
			);
			path = Presenter;
			sourceTree = "<group>";
		};
		8EE74D65289DD6360053BF61 /* Extensions */ = {
			isa = PBXGroup;
			children = (
				8ECEFA212896F4C20098896B /* DateExtension.swift */,
				8ECEFA232896FF5B0098896B /* UIBarButtonItemExtension.swift */,
				8E7DD1E228A7F7050086804E /* UIWindowExtension.swift */,
			);
			path = Extensions;
			sourceTree = "<group>";
		};
		8EE74D66289DE7A60053BF61 /* TaskListModuleTaskCell */ = {
			isa = PBXGroup;
			children = (
				8E398F2C289F07BD0026ADC4 /* TaskListModuleTaskCellConfigurable.swift */,
				8EE74D5D289DAE800053BF61 /* TaskListModuleTaskCell.swift */,
				8EE74D67289DE84E0053BF61 /* CellContentStackView.swift */,
				8EE74D69289DE8600053BF61 /* CellContentTitleStackView.swift */,
				8EE74D6B289DE8690053BF61 /* CellContentSubtitleStackView.swift */,
			);
			path = TaskListModuleTaskCell;
			sourceTree = "<group>";
		};
		8EEB7C222894C07C005D5FF1 /* TodoItem */ = {
			isa = PBXGroup;
			children = (
				8EEB7C232894C095005D5FF1 /* TodoItemTests.swift */,
				8EEB7EF62894C855005D5FF1 /* TodoItemParsingTests.swift */,
			);
			path = TodoItem;
			sourceTree = "<group>";
		};
		8EEB7EFD289565E6005D5FF1 /* FileCache */ = {
			isa = PBXGroup;
			children = (
				8EEB7EFE289565EE005D5FF1 /* FileCacheTest.swift */,
			);
			path = FileCache;
			sourceTree = "<group>";
		};
		8EEB81D128957C6F005D5FF1 /* EditTaskModule */ = {
			isa = PBXGroup;
			children = (
				8EEB81D328957D17005D5FF1 /* Presenter */,
				8EEB81D228957D10005D5FF1 /* View */,
				8E66C36D2894AF5100632D85 /* Model */,
				8ECEFA1E2896D8060098896B /* EditTaskModuleBuilder.swift */,
			);
			path = EditTaskModule;
			sourceTree = "<group>";
		};
		8EEB81D228957D10005D5FF1 /* View */ = {
			isa = PBXGroup;
			children = (
				8EEB81D428957D31005D5FF1 /* EditTaskModuleViewController.swift */,
				8EEB84B52895D179005D5FF1 /* PriorityStackViewContainer.swift */,
				8EEB84B7289669AF005D5FF1 /* DeadlineStackViewContainer.swift */,
			);
			path = View;
			sourceTree = "<group>";
		};
		8EEB81D328957D17005D5FF1 /* Presenter */ = {
			isa = PBXGroup;
			children = (
				8EEB81D628957D3C005D5FF1 /* EditTaskModulePresenter.swift */,
			);
			path = Presenter;
			sourceTree = "<group>";
		};
/* End PBXGroup section */

/* Begin PBXNativeTarget section */
		8E0E44642894A7E6007B0F5E /* ToDoList */ = {
			isa = PBXNativeTarget;
			buildConfigurationList = 8E0E448F2894A7E7007B0F5E /* Build configuration list for PBXNativeTarget "ToDoList" */;
			buildPhases = (
				6F1E4D7773E59AACE73593F3 /* [CP] Check Pods Manifest.lock */,
				8E0E44982894A980007B0F5E /* SwiftLint */,
				8E0E44612894A7E6007B0F5E /* Sources */,
				8E0E44622894A7E6007B0F5E /* Frameworks */,
				8E0E44632894A7E6007B0F5E /* Resources */,
				4A60A11436A4ED10D9E7FDAD /* [CP] Embed Pods Frameworks */,
				B90CFBFF1891F14AE1653516 /* [CP] Copy Pods Resources */,
			);
			buildRules = (
			);
			dependencies = (
			);
			name = ToDoList;
			productName = ToDoList;
			productReference = 8E0E44652894A7E6007B0F5E /* ToDoList.app */;
			productType = "com.apple.product-type.application";
		};
		8E0E447A2894A7E7007B0F5E /* ToDoListTests */ = {
			isa = PBXNativeTarget;
			buildConfigurationList = 8E0E44922894A7E7007B0F5E /* Build configuration list for PBXNativeTarget "ToDoListTests" */;
			buildPhases = (
				D75AB2CAF678745ECB013A2F /* [CP] Check Pods Manifest.lock */,
				8E0E44772894A7E7007B0F5E /* Sources */,
				8E0E44782894A7E7007B0F5E /* Frameworks */,
				8E0E44792894A7E7007B0F5E /* Resources */,
				37A6E7BA5CCCE41A6FEE8735 /* [CP] Embed Pods Frameworks */,
			);
			buildRules = (
			);
			dependencies = (
				8E0E447D2894A7E7007B0F5E /* PBXTargetDependency */,
			);
			name = ToDoListTests;
			productName = ToDoListTests;
			productReference = 8E0E447B2894A7E7007B0F5E /* ToDoListTests.xctest */;
			productType = "com.apple.product-type.bundle.unit-test";
		};
		8E0E44842894A7E7007B0F5E /* ToDoListUITests */ = {
			isa = PBXNativeTarget;
			buildConfigurationList = 8E0E44952894A7E7007B0F5E /* Build configuration list for PBXNativeTarget "ToDoListUITests" */;
			buildPhases = (
				9997AF3F3730752C481794A7 /* [CP] Check Pods Manifest.lock */,
				8E0E44812894A7E7007B0F5E /* Sources */,
				8E0E44822894A7E7007B0F5E /* Frameworks */,
				8E0E44832894A7E7007B0F5E /* Resources */,
				4ABCB621FED0095113FB6CE7 /* [CP] Embed Pods Frameworks */,
			);
			buildRules = (
			);
			dependencies = (
				8E0E44872894A7E7007B0F5E /* PBXTargetDependency */,
			);
			name = ToDoListUITests;
			productName = ToDoListUITests;
			productReference = 8E0E44852894A7E7007B0F5E /* ToDoListUITests.xctest */;
			productType = "com.apple.product-type.bundle.ui-testing";
		};
/* End PBXNativeTarget section */

/* Begin PBXProject section */
		8E0E445D2894A7E6007B0F5E /* Project object */ = {
			isa = PBXProject;
			attributes = {
				BuildIndependentTargetsInParallel = 1;
				LastSwiftUpdateCheck = 1320;
				LastUpgradeCheck = 1320;
				TargetAttributes = {
					8E0E44642894A7E6007B0F5E = {
						CreatedOnToolsVersion = 13.2.1;
					};
					8E0E447A2894A7E7007B0F5E = {
						CreatedOnToolsVersion = 13.2.1;
						TestTargetID = 8E0E44642894A7E6007B0F5E;
					};
					8E0E44842894A7E7007B0F5E = {
						CreatedOnToolsVersion = 13.2.1;
						TestTargetID = 8E0E44642894A7E6007B0F5E;
					};
				};
			};
			buildConfigurationList = 8E0E44602894A7E6007B0F5E /* Build configuration list for PBXProject "ToDoList" */;
			compatibilityVersion = "Xcode 13.0";
			developmentRegion = en;
			hasScannedForEncodings = 0;
			knownRegions = (
				en,
				Base,
			);
			mainGroup = 8E0E445C2894A7E6007B0F5E;
			productRefGroup = 8E0E44662894A7E6007B0F5E /* Products */;
			projectDirPath = "";
			projectRoot = "";
			targets = (
				8E0E44642894A7E6007B0F5E /* ToDoList */,
				8E0E447A2894A7E7007B0F5E /* ToDoListTests */,
				8E0E44842894A7E7007B0F5E /* ToDoListUITests */,
			);
		};
/* End PBXProject section */

/* Begin PBXResourcesBuildPhase section */
		8E0E44632894A7E6007B0F5E /* Resources */ = {
			isa = PBXResourcesBuildPhase;
			buildActionMask = 2147483647;
			files = (
				8E0E44752894A7E7007B0F5E /* LaunchScreen.storyboard in Resources */,
			);
			runOnlyForDeploymentPostprocessing = 0;
		};
		8E0E44792894A7E7007B0F5E /* Resources */ = {
			isa = PBXResourcesBuildPhase;
			buildActionMask = 2147483647;
			files = (
			);
			runOnlyForDeploymentPostprocessing = 0;
		};
		8E0E44832894A7E7007B0F5E /* Resources */ = {
			isa = PBXResourcesBuildPhase;
			buildActionMask = 2147483647;
			files = (
			);
			runOnlyForDeploymentPostprocessing = 0;
		};
/* End PBXResourcesBuildPhase section */

/* Begin PBXShellScriptBuildPhase section */
		37A6E7BA5CCCE41A6FEE8735 /* [CP] Embed Pods Frameworks */ = {
			isa = PBXShellScriptBuildPhase;
			buildActionMask = 2147483647;
			files = (
			);
			inputFileListPaths = (
				"${PODS_ROOT}/Target Support Files/Pods-ToDoListTests/Pods-ToDoListTests-frameworks-${CONFIGURATION}-input-files.xcfilelist",
			);
			name = "[CP] Embed Pods Frameworks";
			outputFileListPaths = (
				"${PODS_ROOT}/Target Support Files/Pods-ToDoListTests/Pods-ToDoListTests-frameworks-${CONFIGURATION}-output-files.xcfilelist",
			);
			runOnlyForDeploymentPostprocessing = 0;
			shellPath = /bin/sh;
			shellScript = "\"${PODS_ROOT}/Target Support Files/Pods-ToDoListTests/Pods-ToDoListTests-frameworks.sh\"\n";
			showEnvVarsInLog = 0;
		};
		4A60A11436A4ED10D9E7FDAD /* [CP] Embed Pods Frameworks */ = {
			isa = PBXShellScriptBuildPhase;
			buildActionMask = 2147483647;
			files = (
			);
			inputFileListPaths = (
				"${PODS_ROOT}/Target Support Files/Pods-ToDoList/Pods-ToDoList-frameworks-${CONFIGURATION}-input-files.xcfilelist",
			);
			name = "[CP] Embed Pods Frameworks";
			outputFileListPaths = (
				"${PODS_ROOT}/Target Support Files/Pods-ToDoList/Pods-ToDoList-frameworks-${CONFIGURATION}-output-files.xcfilelist",
			);
			runOnlyForDeploymentPostprocessing = 0;
			shellPath = /bin/sh;
			shellScript = "\"${PODS_ROOT}/Target Support Files/Pods-ToDoList/Pods-ToDoList-frameworks.sh\"\n";
			showEnvVarsInLog = 0;
		};
		4ABCB621FED0095113FB6CE7 /* [CP] Embed Pods Frameworks */ = {
			isa = PBXShellScriptBuildPhase;
			buildActionMask = 2147483647;
			files = (
			);
			inputFileListPaths = (
				"${PODS_ROOT}/Target Support Files/Pods-ToDoListUITests/Pods-ToDoListUITests-frameworks-${CONFIGURATION}-input-files.xcfilelist",
			);
			name = "[CP] Embed Pods Frameworks";
			outputFileListPaths = (
				"${PODS_ROOT}/Target Support Files/Pods-ToDoListUITests/Pods-ToDoListUITests-frameworks-${CONFIGURATION}-output-files.xcfilelist",
			);
			runOnlyForDeploymentPostprocessing = 0;
			shellPath = /bin/sh;
			shellScript = "\"${PODS_ROOT}/Target Support Files/Pods-ToDoListUITests/Pods-ToDoListUITests-frameworks.sh\"\n";
			showEnvVarsInLog = 0;
		};
		6F1E4D7773E59AACE73593F3 /* [CP] Check Pods Manifest.lock */ = {
			isa = PBXShellScriptBuildPhase;
			buildActionMask = 2147483647;
			files = (
			);
			inputFileListPaths = (
			);
			inputPaths = (
				"${PODS_PODFILE_DIR_PATH}/Podfile.lock",
				"${PODS_ROOT}/Manifest.lock",
			);
			name = "[CP] Check Pods Manifest.lock";
			outputFileListPaths = (
			);
			outputPaths = (
				"$(DERIVED_FILE_DIR)/Pods-ToDoList-checkManifestLockResult.txt",
			);
			runOnlyForDeploymentPostprocessing = 0;
			shellPath = /bin/sh;
			shellScript = "diff \"${PODS_PODFILE_DIR_PATH}/Podfile.lock\" \"${PODS_ROOT}/Manifest.lock\" > /dev/null\nif [ $? != 0 ] ; then\n    # print error to STDERR\n    echo \"error: The sandbox is not in sync with the Podfile.lock. Run 'pod install' or update your CocoaPods installation.\" >&2\n    exit 1\nfi\n# This output is used by Xcode 'outputs' to avoid re-running this script phase.\necho \"SUCCESS\" > \"${SCRIPT_OUTPUT_FILE_0}\"\n";
			showEnvVarsInLog = 0;
		};
		8E0E44982894A980007B0F5E /* SwiftLint */ = {
			isa = PBXShellScriptBuildPhase;
			buildActionMask = 2147483647;
			files = (
			);
			inputFileListPaths = (
			);
			inputPaths = (
			);
			name = SwiftLint;
			outputFileListPaths = (
			);
			outputPaths = (
			);
			runOnlyForDeploymentPostprocessing = 0;
			shellPath = /bin/sh;
			shellScript = "\"${PODS_ROOT}/SwiftLint/swiftlint\"\n";
		};
		9997AF3F3730752C481794A7 /* [CP] Check Pods Manifest.lock */ = {
			isa = PBXShellScriptBuildPhase;
			buildActionMask = 2147483647;
			files = (
			);
			inputFileListPaths = (
			);
			inputPaths = (
				"${PODS_PODFILE_DIR_PATH}/Podfile.lock",
				"${PODS_ROOT}/Manifest.lock",
			);
			name = "[CP] Check Pods Manifest.lock";
			outputFileListPaths = (
			);
			outputPaths = (
				"$(DERIVED_FILE_DIR)/Pods-ToDoListUITests-checkManifestLockResult.txt",
			);
			runOnlyForDeploymentPostprocessing = 0;
			shellPath = /bin/sh;
			shellScript = "diff \"${PODS_PODFILE_DIR_PATH}/Podfile.lock\" \"${PODS_ROOT}/Manifest.lock\" > /dev/null\nif [ $? != 0 ] ; then\n    # print error to STDERR\n    echo \"error: The sandbox is not in sync with the Podfile.lock. Run 'pod install' or update your CocoaPods installation.\" >&2\n    exit 1\nfi\n# This output is used by Xcode 'outputs' to avoid re-running this script phase.\necho \"SUCCESS\" > \"${SCRIPT_OUTPUT_FILE_0}\"\n";
			showEnvVarsInLog = 0;
		};
		B90CFBFF1891F14AE1653516 /* [CP] Copy Pods Resources */ = {
			isa = PBXShellScriptBuildPhase;
			buildActionMask = 2147483647;
			files = (
			);
			inputFileListPaths = (
				"${PODS_ROOT}/Target Support Files/Pods-ToDoList/Pods-ToDoList-resources-${CONFIGURATION}-input-files.xcfilelist",
			);
			name = "[CP] Copy Pods Resources";
			outputFileListPaths = (
				"${PODS_ROOT}/Target Support Files/Pods-ToDoList/Pods-ToDoList-resources-${CONFIGURATION}-output-files.xcfilelist",
			);
			runOnlyForDeploymentPostprocessing = 0;
			shellPath = /bin/sh;
			shellScript = "\"${PODS_ROOT}/Target Support Files/Pods-ToDoList/Pods-ToDoList-resources.sh\"\n";
			showEnvVarsInLog = 0;
		};
		D75AB2CAF678745ECB013A2F /* [CP] Check Pods Manifest.lock */ = {
			isa = PBXShellScriptBuildPhase;
			buildActionMask = 2147483647;
			files = (
			);
			inputFileListPaths = (
			);
			inputPaths = (
				"${PODS_PODFILE_DIR_PATH}/Podfile.lock",
				"${PODS_ROOT}/Manifest.lock",
			);
			name = "[CP] Check Pods Manifest.lock";
			outputFileListPaths = (
			);
			outputPaths = (
				"$(DERIVED_FILE_DIR)/Pods-ToDoListTests-checkManifestLockResult.txt",
			);
			runOnlyForDeploymentPostprocessing = 0;
			shellPath = /bin/sh;
			shellScript = "diff \"${PODS_PODFILE_DIR_PATH}/Podfile.lock\" \"${PODS_ROOT}/Manifest.lock\" > /dev/null\nif [ $? != 0 ] ; then\n    # print error to STDERR\n    echo \"error: The sandbox is not in sync with the Podfile.lock. Run 'pod install' or update your CocoaPods installation.\" >&2\n    exit 1\nfi\n# This output is used by Xcode 'outputs' to avoid re-running this script phase.\necho \"SUCCESS\" > \"${SCRIPT_OUTPUT_FILE_0}\"\n";
			showEnvVarsInLog = 0;
		};
/* End PBXShellScriptBuildPhase section */

/* Begin PBXSourcesBuildPhase section */
		8E0E44612894A7E6007B0F5E /* Sources */ = {
			isa = PBXSourcesBuildPhase;
			buildActionMask = 2147483647;
			files = (
				8E398F30289F08510026ADC4 /* TaskListTableViewCellData.swift in Sources */,
				8EEB84B22895C3ED005D5FF1 /* ColorPalette.swift in Sources */,
				8E3C743228A815AF00A849A5 /* FileCache.swift in Sources */,
				8EEB81D528957D31005D5FF1 /* EditTaskModuleViewController.swift in Sources */,
				8E3C743328A815AF00A849A5 /* TodoItem.swift in Sources */,
				8EEB84B8289669AF005D5FF1 /* DeadlineStackViewContainer.swift in Sources */,
				8EEB84B42895CC2C005D5FF1 /* FontPalette.swift in Sources */,
				8E398F2D289F07BD0026ADC4 /* TaskListModuleTaskCellConfigurable.swift in Sources */,
				8E881DFC28A0495100446A96 /* AnimationController.swift in Sources */,
				8EE74A87289DA74F0053BF61 /* TaskListModuleViewController.swift in Sources */,
				8EE74D68289DE84E0053BF61 /* CellContentStackView.swift in Sources */,
				8EE74D62289DD35F0053BF61 /* AppCoordinator.swift in Sources */,
				8EEB81D728957D3C005D5FF1 /* EditTaskModulePresenter.swift in Sources */,
				8EEECB5A28A81BDC00079D0F /* FileCacheError.swift in Sources */,
				8EEECB5828A8191B00079D0F /* MockFileCacheService.swift in Sources */,
				8ECEFA222896F4C20098896B /* DateExtension.swift in Sources */,
				8EE74D5E289DAE800053BF61 /* TaskListModuleTaskCell.swift in Sources */,
				8E3C742E28A8127900A849A5 /* NetworkService.swift in Sources */,
				8EE74D5C289DAA7E0053BF61 /* TaskListModuleBuilder.swift in Sources */,
				8EE74D6A289DE8600053BF61 /* CellContentTitleStackView.swift in Sources */,
				8EEECB5628A8181000079D0F /* FileCacheService.swift in Sources */,
				8E7DD1E328A7F7050086804E /* UIWindowExtension.swift in Sources */,
				8ECEFA242896FF5B0098896B /* UIBarButtonItemExtension.swift in Sources */,
				8E398F32289F0BB40026ADC4 /* TaskCellViewState.swift in Sources */,
				8EEB84B62895D179005D5FF1 /* PriorityStackViewContainer.swift in Sources */,
				8EE74A89289DA7660053BF61 /* TaskListModulePresenter.swift in Sources */,
				8EE74D60289DB53E0053BF61 /* TaskListModuleHeaderView.swift in Sources */,
				8E398F2B289EF7450026ADC4 /* TaskListCreateNewTaskCell.swift in Sources */,
				8EE74D6C289DE8690053BF61 /* CellContentSubtitleStackView.swift in Sources */,
				8ECEFA1F2896D8060098896B /* EditTaskModuleBuilder.swift in Sources */,
				8EE74D64289DD55F0053BF61 /* CustomNavigationController.swift in Sources */,
				8E0E44692894A7E6007B0F5E /* AppDelegate.swift in Sources */,
			);
			runOnlyForDeploymentPostprocessing = 0;
		};
		8E0E44772894A7E7007B0F5E /* Sources */ = {
			isa = PBXSourcesBuildPhase;
			buildActionMask = 2147483647;
			files = (
				8EEB7C242894C095005D5FF1 /* TodoItemTests.swift in Sources */,
				8EEB7EF72894C855005D5FF1 /* TodoItemParsingTests.swift in Sources */,
				8EEB7EFF289565EE005D5FF1 /* FileCacheTest.swift in Sources */,
			);
			runOnlyForDeploymentPostprocessing = 0;
		};
		8E0E44812894A7E7007B0F5E /* Sources */ = {
			isa = PBXSourcesBuildPhase;
			buildActionMask = 2147483647;
			files = (
				8E0E448C2894A7E7007B0F5E /* ToDoListUITestsLaunchTests.swift in Sources */,
				8E0E448A2894A7E7007B0F5E /* ToDoListUITests.swift in Sources */,
			);
			runOnlyForDeploymentPostprocessing = 0;
		};
/* End PBXSourcesBuildPhase section */

/* Begin PBXTargetDependency section */
		8E0E447D2894A7E7007B0F5E /* PBXTargetDependency */ = {
			isa = PBXTargetDependency;
			target = 8E0E44642894A7E6007B0F5E /* ToDoList */;
			targetProxy = 8E0E447C2894A7E7007B0F5E /* PBXContainerItemProxy */;
		};
		8E0E44872894A7E7007B0F5E /* PBXTargetDependency */ = {
			isa = PBXTargetDependency;
			target = 8E0E44642894A7E6007B0F5E /* ToDoList */;
			targetProxy = 8E0E44862894A7E7007B0F5E /* PBXContainerItemProxy */;
		};
/* End PBXTargetDependency section */

/* Begin PBXVariantGroup section */
		8E0E44732894A7E7007B0F5E /* LaunchScreen.storyboard */ = {
			isa = PBXVariantGroup;
			children = (
				8E0E44742894A7E7007B0F5E /* Base */,
			);
			name = LaunchScreen.storyboard;
			sourceTree = "<group>";
		};
/* End PBXVariantGroup section */

/* Begin XCBuildConfiguration section */
		8E0E448D2894A7E7007B0F5E /* Debug */ = {
			isa = XCBuildConfiguration;
			buildSettings = {
				ALWAYS_SEARCH_USER_PATHS = NO;
				CLANG_ANALYZER_NONNULL = YES;
				CLANG_ANALYZER_NUMBER_OBJECT_CONVERSION = YES_AGGRESSIVE;
				CLANG_CXX_LANGUAGE_STANDARD = "gnu++17";
				CLANG_CXX_LIBRARY = "libc++";
				CLANG_ENABLE_MODULES = YES;
				CLANG_ENABLE_OBJC_ARC = YES;
				CLANG_ENABLE_OBJC_WEAK = YES;
				CLANG_WARN_BLOCK_CAPTURE_AUTORELEASING = YES;
				CLANG_WARN_BOOL_CONVERSION = YES;
				CLANG_WARN_COMMA = YES;
				CLANG_WARN_CONSTANT_CONVERSION = YES;
				CLANG_WARN_DEPRECATED_OBJC_IMPLEMENTATIONS = YES;
				CLANG_WARN_DIRECT_OBJC_ISA_USAGE = YES_ERROR;
				CLANG_WARN_DOCUMENTATION_COMMENTS = YES;
				CLANG_WARN_EMPTY_BODY = YES;
				CLANG_WARN_ENUM_CONVERSION = YES;
				CLANG_WARN_INFINITE_RECURSION = YES;
				CLANG_WARN_INT_CONVERSION = YES;
				CLANG_WARN_NON_LITERAL_NULL_CONVERSION = YES;
				CLANG_WARN_OBJC_IMPLICIT_RETAIN_SELF = YES;
				CLANG_WARN_OBJC_LITERAL_CONVERSION = YES;
				CLANG_WARN_OBJC_ROOT_CLASS = YES_ERROR;
				CLANG_WARN_QUOTED_INCLUDE_IN_FRAMEWORK_HEADER = YES;
				CLANG_WARN_RANGE_LOOP_ANALYSIS = YES;
				CLANG_WARN_STRICT_PROTOTYPES = YES;
				CLANG_WARN_SUSPICIOUS_MOVE = YES;
				CLANG_WARN_UNGUARDED_AVAILABILITY = YES_AGGRESSIVE;
				CLANG_WARN_UNREACHABLE_CODE = YES;
				CLANG_WARN__DUPLICATE_METHOD_MATCH = YES;
				COPY_PHASE_STRIP = NO;
				DEBUG_INFORMATION_FORMAT = dwarf;
				ENABLE_STRICT_OBJC_MSGSEND = YES;
				ENABLE_TESTABILITY = YES;
				GCC_C_LANGUAGE_STANDARD = gnu11;
				GCC_DYNAMIC_NO_PIC = NO;
				GCC_NO_COMMON_BLOCKS = YES;
				GCC_OPTIMIZATION_LEVEL = 0;
				GCC_PREPROCESSOR_DEFINITIONS = (
					"DEBUG=1",
					"$(inherited)",
				);
				GCC_WARN_64_TO_32_BIT_CONVERSION = YES;
				GCC_WARN_ABOUT_RETURN_TYPE = YES_ERROR;
				GCC_WARN_UNDECLARED_SELECTOR = YES;
				GCC_WARN_UNINITIALIZED_AUTOS = YES_AGGRESSIVE;
				GCC_WARN_UNUSED_FUNCTION = YES;
				GCC_WARN_UNUSED_VARIABLE = YES;
				IPHONEOS_DEPLOYMENT_TARGET = 14.0;
				MTL_ENABLE_DEBUG_INFO = INCLUDE_SOURCE;
				MTL_FAST_MATH = YES;
				ONLY_ACTIVE_ARCH = YES;
				SDKROOT = iphoneos;
				SWIFT_ACTIVE_COMPILATION_CONDITIONS = DEBUG;
				SWIFT_OPTIMIZATION_LEVEL = "-Onone";
			};
			name = Debug;
		};
		8E0E448E2894A7E7007B0F5E /* Release */ = {
			isa = XCBuildConfiguration;
			buildSettings = {
				ALWAYS_SEARCH_USER_PATHS = NO;
				CLANG_ANALYZER_NONNULL = YES;
				CLANG_ANALYZER_NUMBER_OBJECT_CONVERSION = YES_AGGRESSIVE;
				CLANG_CXX_LANGUAGE_STANDARD = "gnu++17";
				CLANG_CXX_LIBRARY = "libc++";
				CLANG_ENABLE_MODULES = YES;
				CLANG_ENABLE_OBJC_ARC = YES;
				CLANG_ENABLE_OBJC_WEAK = YES;
				CLANG_WARN_BLOCK_CAPTURE_AUTORELEASING = YES;
				CLANG_WARN_BOOL_CONVERSION = YES;
				CLANG_WARN_COMMA = YES;
				CLANG_WARN_CONSTANT_CONVERSION = YES;
				CLANG_WARN_DEPRECATED_OBJC_IMPLEMENTATIONS = YES;
				CLANG_WARN_DIRECT_OBJC_ISA_USAGE = YES_ERROR;
				CLANG_WARN_DOCUMENTATION_COMMENTS = YES;
				CLANG_WARN_EMPTY_BODY = YES;
				CLANG_WARN_ENUM_CONVERSION = YES;
				CLANG_WARN_INFINITE_RECURSION = YES;
				CLANG_WARN_INT_CONVERSION = YES;
				CLANG_WARN_NON_LITERAL_NULL_CONVERSION = YES;
				CLANG_WARN_OBJC_IMPLICIT_RETAIN_SELF = YES;
				CLANG_WARN_OBJC_LITERAL_CONVERSION = YES;
				CLANG_WARN_OBJC_ROOT_CLASS = YES_ERROR;
				CLANG_WARN_QUOTED_INCLUDE_IN_FRAMEWORK_HEADER = YES;
				CLANG_WARN_RANGE_LOOP_ANALYSIS = YES;
				CLANG_WARN_STRICT_PROTOTYPES = YES;
				CLANG_WARN_SUSPICIOUS_MOVE = YES;
				CLANG_WARN_UNGUARDED_AVAILABILITY = YES_AGGRESSIVE;
				CLANG_WARN_UNREACHABLE_CODE = YES;
				CLANG_WARN__DUPLICATE_METHOD_MATCH = YES;
				COPY_PHASE_STRIP = NO;
				DEBUG_INFORMATION_FORMAT = "dwarf-with-dsym";
				ENABLE_NS_ASSERTIONS = NO;
				ENABLE_STRICT_OBJC_MSGSEND = YES;
				GCC_C_LANGUAGE_STANDARD = gnu11;
				GCC_NO_COMMON_BLOCKS = YES;
				GCC_WARN_64_TO_32_BIT_CONVERSION = YES;
				GCC_WARN_ABOUT_RETURN_TYPE = YES_ERROR;
				GCC_WARN_UNDECLARED_SELECTOR = YES;
				GCC_WARN_UNINITIALIZED_AUTOS = YES_AGGRESSIVE;
				GCC_WARN_UNUSED_FUNCTION = YES;
				GCC_WARN_UNUSED_VARIABLE = YES;
				IPHONEOS_DEPLOYMENT_TARGET = 14.0;
				MTL_ENABLE_DEBUG_INFO = NO;
				MTL_FAST_MATH = YES;
				SDKROOT = iphoneos;
				SWIFT_COMPILATION_MODE = wholemodule;
				SWIFT_OPTIMIZATION_LEVEL = "-O";
				VALIDATE_PRODUCT = YES;
			};
			name = Release;
		};
		8E0E44902894A7E7007B0F5E /* Debug */ = {
			isa = XCBuildConfiguration;
			baseConfigurationReference = 4B27E81844AD4746FE9D01FB /* Pods-ToDoList.debug.xcconfig */;
			buildSettings = {
				ASSETCATALOG_COMPILER_APPICON_NAME = AppIcon;
				ASSETCATALOG_COMPILER_GLOBAL_ACCENT_COLOR_NAME = AccentColor;
				CODE_SIGN_IDENTITY = "Apple Development";
				CODE_SIGN_STYLE = Automatic;
				CURRENT_PROJECT_VERSION = 1;
				DEVELOPMENT_TEAM = K2JV594WP2;
				GENERATE_INFOPLIST_FILE = YES;
				INFOPLIST_FILE = ToDoList/Info.plist;
				INFOPLIST_KEY_UIApplicationSupportsIndirectInputEvents = YES;
				INFOPLIST_KEY_UILaunchStoryboardName = LaunchScreen;
				INFOPLIST_KEY_UISupportedInterfaceOrientations_iPad = "UIInterfaceOrientationPortrait UIInterfaceOrientationPortraitUpsideDown UIInterfaceOrientationLandscapeLeft UIInterfaceOrientationLandscapeRight";
				INFOPLIST_KEY_UISupportedInterfaceOrientations_iPhone = "UIInterfaceOrientationPortrait UIInterfaceOrientationLandscapeLeft UIInterfaceOrientationLandscapeRight";
				IPHONEOS_DEPLOYMENT_TARGET = 14.0;
				LD_RUNPATH_SEARCH_PATHS = (
					"$(inherited)",
					"@executable_path/Frameworks",
				);
				MARKETING_VERSION = 1.0;
				PRODUCT_BUNDLE_IDENTIFIER = kamil.khairullin.ToDoList1;
				PRODUCT_NAME = "$(TARGET_NAME)";
				PROVISIONING_PROFILE_SPECIFIER = "";
				SWIFT_EMIT_LOC_STRINGS = YES;
				SWIFT_VERSION = 5.0;
				TARGETED_DEVICE_FAMILY = "1,2";
			};
			name = Debug;
		};
		8E0E44912894A7E7007B0F5E /* Release */ = {
			isa = XCBuildConfiguration;
			baseConfigurationReference = E820B327C89764E375F8BA8E /* Pods-ToDoList.release.xcconfig */;
			buildSettings = {
				ASSETCATALOG_COMPILER_APPICON_NAME = AppIcon;
				ASSETCATALOG_COMPILER_GLOBAL_ACCENT_COLOR_NAME = AccentColor;
				CODE_SIGN_IDENTITY = "Apple Development";
				CODE_SIGN_STYLE = Automatic;
				CURRENT_PROJECT_VERSION = 1;
				DEVELOPMENT_TEAM = K2JV594WP2;
				GENERATE_INFOPLIST_FILE = YES;
				INFOPLIST_FILE = ToDoList/Info.plist;
				INFOPLIST_KEY_UIApplicationSupportsIndirectInputEvents = YES;
				INFOPLIST_KEY_UILaunchStoryboardName = LaunchScreen;
				INFOPLIST_KEY_UISupportedInterfaceOrientations_iPad = "UIInterfaceOrientationPortrait UIInterfaceOrientationPortraitUpsideDown UIInterfaceOrientationLandscapeLeft UIInterfaceOrientationLandscapeRight";
				INFOPLIST_KEY_UISupportedInterfaceOrientations_iPhone = "UIInterfaceOrientationPortrait UIInterfaceOrientationLandscapeLeft UIInterfaceOrientationLandscapeRight";
				IPHONEOS_DEPLOYMENT_TARGET = 14.0;
				LD_RUNPATH_SEARCH_PATHS = (
					"$(inherited)",
					"@executable_path/Frameworks",
				);
				MARKETING_VERSION = 1.0;
				PRODUCT_BUNDLE_IDENTIFIER = kamil.khairullin.ToDoList1;
				PRODUCT_NAME = "$(TARGET_NAME)";
				PROVISIONING_PROFILE_SPECIFIER = "";
				SWIFT_EMIT_LOC_STRINGS = YES;
				SWIFT_VERSION = 5.0;
				TARGETED_DEVICE_FAMILY = "1,2";
			};
			name = Release;
		};
		8E0E44932894A7E7007B0F5E /* Debug */ = {
			isa = XCBuildConfiguration;
			baseConfigurationReference = 4B09CF167D7F50D159FE7866 /* Pods-ToDoListTests.debug.xcconfig */;
			buildSettings = {
				ALWAYS_EMBED_SWIFT_STANDARD_LIBRARIES = "$(inherited)";
				BUNDLE_LOADER = "$(TEST_HOST)";
				CODE_SIGN_STYLE = Automatic;
				CURRENT_PROJECT_VERSION = 1;
				DEVELOPMENT_TEAM = K2JV594WP2;
				GENERATE_INFOPLIST_FILE = YES;
				IPHONEOS_DEPLOYMENT_TARGET = 14.0;
				MARKETING_VERSION = 1.0;
				PRODUCT_BUNDLE_IDENTIFIER = kamil.khairullin.ToDoListTests;
				PRODUCT_NAME = "$(TARGET_NAME)";
				SWIFT_EMIT_LOC_STRINGS = NO;
				SWIFT_VERSION = 5.0;
				TARGETED_DEVICE_FAMILY = "1,2";
				TEST_HOST = "$(BUILT_PRODUCTS_DIR)/ToDoList.app/ToDoList";
			};
			name = Debug;
		};
		8E0E44942894A7E7007B0F5E /* Release */ = {
			isa = XCBuildConfiguration;
			baseConfigurationReference = DD10EE91E43B3C27D2F6B14E /* Pods-ToDoListTests.release.xcconfig */;
			buildSettings = {
				ALWAYS_EMBED_SWIFT_STANDARD_LIBRARIES = "$(inherited)";
				BUNDLE_LOADER = "$(TEST_HOST)";
				CODE_SIGN_STYLE = Automatic;
				CURRENT_PROJECT_VERSION = 1;
				DEVELOPMENT_TEAM = K2JV594WP2;
				GENERATE_INFOPLIST_FILE = YES;
				IPHONEOS_DEPLOYMENT_TARGET = 14.0;
				MARKETING_VERSION = 1.0;
				PRODUCT_BUNDLE_IDENTIFIER = kamil.khairullin.ToDoListTests;
				PRODUCT_NAME = "$(TARGET_NAME)";
				SWIFT_EMIT_LOC_STRINGS = NO;
				SWIFT_VERSION = 5.0;
				TARGETED_DEVICE_FAMILY = "1,2";
				TEST_HOST = "$(BUILT_PRODUCTS_DIR)/ToDoList.app/ToDoList";
			};
			name = Release;
		};
		8E0E44962894A7E7007B0F5E /* Debug */ = {
			isa = XCBuildConfiguration;
			baseConfigurationReference = A6BD46B79D425777C9741BE7 /* Pods-ToDoListUITests.debug.xcconfig */;
			buildSettings = {
				ALWAYS_EMBED_SWIFT_STANDARD_LIBRARIES = "$(inherited)";
				CODE_SIGN_STYLE = Automatic;
				CURRENT_PROJECT_VERSION = 1;
				DEVELOPMENT_TEAM = K2JV594WP2;
				GENERATE_INFOPLIST_FILE = YES;
				MARKETING_VERSION = 1.0;
				PRODUCT_BUNDLE_IDENTIFIER = kamil.khairullin.ToDoListUITests;
				PRODUCT_NAME = "$(TARGET_NAME)";
				SWIFT_EMIT_LOC_STRINGS = NO;
				SWIFT_VERSION = 5.0;
				TARGETED_DEVICE_FAMILY = "1,2";
				TEST_TARGET_NAME = ToDoList;
			};
			name = Debug;
		};
		8E0E44972894A7E7007B0F5E /* Release */ = {
			isa = XCBuildConfiguration;
			baseConfigurationReference = 6E9A1990FF151C3F6B49F738 /* Pods-ToDoListUITests.release.xcconfig */;
			buildSettings = {
				ALWAYS_EMBED_SWIFT_STANDARD_LIBRARIES = "$(inherited)";
				CODE_SIGN_STYLE = Automatic;
				CURRENT_PROJECT_VERSION = 1;
				DEVELOPMENT_TEAM = K2JV594WP2;
				GENERATE_INFOPLIST_FILE = YES;
				MARKETING_VERSION = 1.0;
				PRODUCT_BUNDLE_IDENTIFIER = kamil.khairullin.ToDoListUITests;
				PRODUCT_NAME = "$(TARGET_NAME)";
				SWIFT_EMIT_LOC_STRINGS = NO;
				SWIFT_VERSION = 5.0;
				TARGETED_DEVICE_FAMILY = "1,2";
				TEST_TARGET_NAME = ToDoList;
			};
			name = Release;
		};
/* End XCBuildConfiguration section */

/* Begin XCConfigurationList section */
		8E0E44602894A7E6007B0F5E /* Build configuration list for PBXProject "ToDoList" */ = {
			isa = XCConfigurationList;
			buildConfigurations = (
				8E0E448D2894A7E7007B0F5E /* Debug */,
				8E0E448E2894A7E7007B0F5E /* Release */,
			);
			defaultConfigurationIsVisible = 0;
			defaultConfigurationName = Release;
		};
		8E0E448F2894A7E7007B0F5E /* Build configuration list for PBXNativeTarget "ToDoList" */ = {
			isa = XCConfigurationList;
			buildConfigurations = (
				8E0E44902894A7E7007B0F5E /* Debug */,
				8E0E44912894A7E7007B0F5E /* Release */,
			);
			defaultConfigurationIsVisible = 0;
			defaultConfigurationName = Release;
		};
		8E0E44922894A7E7007B0F5E /* Build configuration list for PBXNativeTarget "ToDoListTests" */ = {
			isa = XCConfigurationList;
			buildConfigurations = (
				8E0E44932894A7E7007B0F5E /* Debug */,
				8E0E44942894A7E7007B0F5E /* Release */,
			);
			defaultConfigurationIsVisible = 0;
			defaultConfigurationName = Release;
		};
		8E0E44952894A7E7007B0F5E /* Build configuration list for PBXNativeTarget "ToDoListUITests" */ = {
			isa = XCConfigurationList;
			buildConfigurations = (
				8E0E44962894A7E7007B0F5E /* Debug */,
				8E0E44972894A7E7007B0F5E /* Release */,
			);
			defaultConfigurationIsVisible = 0;
			defaultConfigurationName = Release;
		};
/* End XCConfigurationList section */
	};
	rootObject = 8E0E445D2894A7E6007B0F5E /* Project object */;
}
